// !$*UTF8*$!
{
	archiveVersion = 1;
	classes = {
	};
	objectVersion = 50;
	objects = {

/* Begin PBXBuildFile section */
		FA005E812592E8B9008C0C42 /* FeedImageDataLoader.swift in Sources */ = {isa = PBXBuildFile; fileRef = FAC1BE2025743BC00051CF7C /* FeedImageDataLoader.swift */; };
		FA005E952592EBB9008C0C42 /* LoadFeedImageDataFromRemoteUseCaseTests.swift in Sources */ = {isa = PBXBuildFile; fileRef = FA005E942592EBB9008C0C42 /* LoadFeedImageDataFromRemoteUseCaseTests.swift */; };
		FA0630AD2546813A0089D667 /* RemoteFeedItem.swift in Sources */ = {isa = PBXBuildFile; fileRef = FA0630AC2546813A0089D667 /* RemoteFeedItem.swift */; };
		FA0630B22546819D0089D667 /* LocalFeedImage.swift in Sources */ = {isa = PBXBuildFile; fileRef = FA0630B12546819D0089D667 /* LocalFeedImage.swift */; };
		FA11F473255F8341004B288A /* CoreDataFeedStoreTests.swift in Sources */ = {isa = PBXBuildFile; fileRef = FA11F472255F8341004B288A /* CoreDataFeedStoreTests.swift */; };
		FA160837266C3EBF003ED3A7 /* LoadImageCommentsFromRemoteUseCaseTests.swift in Sources */ = {isa = PBXBuildFile; fileRef = FA160836266C3EBF003ED3A7 /* LoadImageCommentsFromRemoteUseCaseTests.swift */; };
		FA160839266C3F89003ED3A7 /* RemoteImageCommentsLoader.swift in Sources */ = {isa = PBXBuildFile; fileRef = FA160838266C3F89003ED3A7 /* RemoteImageCommentsLoader.swift */; };
		FA16083B266C4067003ED3A7 /* ImageCommentsMapper.swift in Sources */ = {isa = PBXBuildFile; fileRef = FA16083A266C4067003ED3A7 /* ImageCommentsMapper.swift */; };
		FA1783A625381A2F000BBD32 /* URLSessionHTTPClient.swift in Sources */ = {isa = PBXBuildFile; fileRef = FA1783A525381A2F000BBD32 /* URLSessionHTTPClient.swift */; };
		FA1BD91E25354A4C00823540 /* URLSessionHTTPClientTests.swift in Sources */ = {isa = PBXBuildFile; fileRef = FA1BD91D25354A4C00823540 /* URLSessionHTTPClientTests.swift */; };
		FA1D086525902E3D00622679 /* FeedImagePresenterTests.swift in Sources */ = {isa = PBXBuildFile; fileRef = FA1D086425902E3D00622679 /* FeedImagePresenterTests.swift */; };
		FA1D086D25903A2B00622679 /* FeedImagePresenter.swift in Sources */ = {isa = PBXBuildFile; fileRef = FA1D086C25903A2B00622679 /* FeedImagePresenter.swift */; };
		FA1D087D25903B1000622679 /* FeedImageViewModel.swift in Sources */ = {isa = PBXBuildFile; fileRef = FA1D087C25903B1000622679 /* FeedImageViewModel.swift */; };
		FA2367F82599577200AE2FC2 /* CoreDataFeedImageDataStoreTests.swift in Sources */ = {isa = PBXBuildFile; fileRef = FA2367F72599577200AE2FC2 /* CoreDataFeedImageDataStoreTests.swift */; };
		FA23681C259AE49600AE2FC2 /* CoreDataFeedStore+FeedImageDataLoader.swift in Sources */ = {isa = PBXBuildFile; fileRef = FA23681B259AE49600AE2FC2 /* CoreDataFeedStore+FeedImageDataLoader.swift */; };
		FA23682A259AEAD400AE2FC2 /* CoreDataFeedStore+FeedStore.swift in Sources */ = {isa = PBXBuildFile; fileRef = FA236829259AEAD400AE2FC2 /* CoreDataFeedStore+FeedStore.swift */; };
		FA29C8152569E581009594FB /* EssentialFeediOS.framework in Frameworks */ = {isa = PBXBuildFile; fileRef = FA29C80C2569E580009594FB /* EssentialFeediOS.framework */; };
		FA2DF84B2545439900EDE5C0 /* LocalFeedLoader.swift in Sources */ = {isa = PBXBuildFile; fileRef = FA2DF84A2545439900EDE5C0 /* LocalFeedLoader.swift */; };
		FA2DF8532545440600EDE5C0 /* FeedStore.swift in Sources */ = {isa = PBXBuildFile; fileRef = FA2DF8522545440600EDE5C0 /* FeedStore.swift */; };
		FA38919D2548F9EA007575BC /* LoadFeedFromCacheUseCaseTests.swift in Sources */ = {isa = PBXBuildFile; fileRef = FA38919C2548F9EA007575BC /* LoadFeedFromCacheUseCaseTests.swift */; };
		FA3891A32548FB8B007575BC /* FeedStoreSpy.swift in Sources */ = {isa = PBXBuildFile; fileRef = FA3891A22548FB8B007575BC /* FeedStoreSpy.swift */; };
		FA50A93F252AD568005C33A2 /* EssentialFeed.framework in Frameworks */ = {isa = PBXBuildFile; fileRef = FA50A935252AD568005C33A2 /* EssentialFeed.framework */; };
		FA50A954252AD598005C33A2 /* FeedImage.swift in Sources */ = {isa = PBXBuildFile; fileRef = FA50A953252AD598005C33A2 /* FeedImage.swift */; };
		FA50A958252AD5EE005C33A2 /* FeedLoader.swift in Sources */ = {isa = PBXBuildFile; fileRef = FA50A957252AD5EE005C33A2 /* FeedLoader.swift */; };
		FA54A101254D53A8003777FA /* ValidateFeedCacheUseCaseTests.swift in Sources */ = {isa = PBXBuildFile; fileRef = FA54A100254D53A8003777FA /* ValidateFeedCacheUseCaseTests.swift */; };
		FA54A106254D5660003777FA /* FeedCacheTestHelpers.swift in Sources */ = {isa = PBXBuildFile; fileRef = FA54A105254D5660003777FA /* FeedCacheTestHelpers.swift */; };
		FA54A10B254D575E003777FA /* SharedTestHelpers.swift in Sources */ = {isa = PBXBuildFile; fileRef = FA54A10A254D575E003777FA /* SharedTestHelpers.swift */; };
		FA569820257D9CBF00E2A9BE /* Feed.storyboard in Resources */ = {isa = PBXBuildFile; fileRef = FA56981F257D9CBF00E2A9BE /* Feed.storyboard */; };
		FA569829257D9D3F00E2A9BE /* Feed.xcassets in Resources */ = {isa = PBXBuildFile; fileRef = FA569828257D9D3F00E2A9BE /* Feed.xcassets */; };
		FA569837257DA8B800E2A9BE /* UITableView+Dequeueing.swift in Sources */ = {isa = PBXBuildFile; fileRef = FA569836257DA8B800E2A9BE /* UITableView+Dequeueing.swift */; };
		FA56983F257DA9CD00E2A9BE /* UIImageView+Animations.swift in Sources */ = {isa = PBXBuildFile; fileRef = FA56983E257DA9CD00E2A9BE /* UIImageView+Animations.swift */; };
		FA5AC85E25A13A3C00A5402A /* FeedSnapshotTests.swift in Sources */ = {isa = PBXBuildFile; fileRef = FA5AC85D25A13A3C00A5402A /* FeedSnapshotTests.swift */; };
		FA5AC86725A13F5B00A5402A /* UIImage+TestHelpers.swift in Sources */ = {isa = PBXBuildFile; fileRef = FA5AC86625A13F5B00A5402A /* UIImage+TestHelpers.swift */; };
		FA5AC87C25A1412200A5402A /* UITableView+HeaderSizing.swift in Sources */ = {isa = PBXBuildFile; fileRef = FA5AC87B25A1412200A5402A /* UITableView+HeaderSizing.swift */; };
		FA5B0CDC253A6C0800075D95 /* EssentialFeedAPIEndToEndTests.swift in Sources */ = {isa = PBXBuildFile; fileRef = FA5B0CDB253A6C0800075D95 /* EssentialFeedAPIEndToEndTests.swift */; };
		FA5B0CDE253A6C0800075D95 /* EssentialFeed.framework in Frameworks */ = {isa = PBXBuildFile; fileRef = FA50A935252AD568005C33A2 /* EssentialFeed.framework */; };
		FA5B0CE7253A72F000075D95 /* XCTestCase+MemoryLeakTracking.swift in Sources */ = {isa = PBXBuildFile; fileRef = FAA703ED253802A300483E5C /* XCTestCase+MemoryLeakTracking.swift */; };
		FA607EE1255790E50056B5B2 /* FeedStoreSpecs.swift in Sources */ = {isa = PBXBuildFile; fileRef = FA607EE0255790E50056B5B2 /* FeedStoreSpecs.swift */; };
		FA607EE6255791650056B5B2 /* XCTestCase+FeedStoreSpecs.swift in Sources */ = {isa = PBXBuildFile; fileRef = FA607EE5255791650056B5B2 /* XCTestCase+FeedStoreSpecs.swift */; };
		FA72EDBF252C1CF5006B18D6 /* LoadFeedFromRemoteUseCaseTests.swift in Sources */ = {isa = PBXBuildFile; fileRef = FA72EDBE252C1CF5006B18D6 /* LoadFeedFromRemoteUseCaseTests.swift */; };
		FA763FF52598141F0001B582 /* LocalFeedImageDataFromCacheUseCaseTests.swift in Sources */ = {isa = PBXBuildFile; fileRef = FA763FF42598141F0001B582 /* LocalFeedImageDataFromCacheUseCaseTests.swift */; };
		FA763FFD259836ED0001B582 /* LocalFeedImageDataLoader.swift in Sources */ = {isa = PBXBuildFile; fileRef = FA763FFC259836ED0001B582 /* LocalFeedImageDataLoader.swift */; };
		FA764005259836F40001B582 /* FeedImageDataStore.swift in Sources */ = {isa = PBXBuildFile; fileRef = FA764004259836F40001B582 /* FeedImageDataStore.swift */; };
		FA76401325983B510001B582 /* FeedImageDataStoreSpy.swift in Sources */ = {isa = PBXBuildFile; fileRef = FA76401225983B510001B582 /* FeedImageDataStoreSpy.swift */; };
		FA76401B25983BEF0001B582 /* CacheFeedImageDataUseCaseTests.swift in Sources */ = {isa = PBXBuildFile; fileRef = FA76401A25983BEF0001B582 /* CacheFeedImageDataUseCaseTests.swift */; };
		FA79F7CA254E6F7300F798A9 /* FeedCachePolicy.swift in Sources */ = {isa = PBXBuildFile; fileRef = FA79F7C9254E6F7300F798A9 /* FeedCachePolicy.swift */; };
		FA82A60625A0217F0012E642 /* FeedImageDataCache.swift in Sources */ = {isa = PBXBuildFile; fileRef = FA82A60525A0217F0012E642 /* FeedImageDataCache.swift */; };
		FA868DD92597164A00897A1E /* HTTPClientSpy.swift in Sources */ = {isa = PBXBuildFile; fileRef = FA868DD82597164A00897A1E /* HTTPClientSpy.swift */; };
		FA868DED2597179600897A1E /* RemoteFeedImageDataLoader.swift in Sources */ = {isa = PBXBuildFile; fileRef = FA868DEC2597179600897A1E /* RemoteFeedImageDataLoader.swift */; };
		FA868DFD25971EE400897A1E /* HTTPURLResponse+StatusCode.swift in Sources */ = {isa = PBXBuildFile; fileRef = FA868DFC25971EE400897A1E /* HTTPURLResponse+StatusCode.swift */; };
		FA868E0B25971FC500897A1E /* URLProtocolStub.swift in Sources */ = {isa = PBXBuildFile; fileRef = FA868E0A25971FC500897A1E /* URLProtocolStub.swift */; };
		FA87C369258C740B00501AE2 /* UIRefreshControl+Helpers.swift in Sources */ = {isa = PBXBuildFile; fileRef = FA87C368258C740B00501AE2 /* UIRefreshControl+Helpers.swift */; };
		FA87C372258C75A900501AE2 /* FeedPresenterTests.swift in Sources */ = {isa = PBXBuildFile; fileRef = FA87C371258C75A900501AE2 /* FeedPresenterTests.swift */; };
		FA87C394258C80D700501AE2 /* FeedPresenter.swift in Sources */ = {isa = PBXBuildFile; fileRef = FA87C393258C80D700501AE2 /* FeedPresenter.swift */; };
		FA87C3A7258C81BB00501AE2 /* Feed.strings in Resources */ = {isa = PBXBuildFile; fileRef = FA87C389258C7F3800501AE2 /* Feed.strings */; };
		FA87C3B5258C823400501AE2 /* FeedViewModel.swift in Sources */ = {isa = PBXBuildFile; fileRef = FA87C3B4258C823400501AE2 /* FeedViewModel.swift */; };
		FA87C3BD258C826A00501AE2 /* FeedErrorViewModel.swift in Sources */ = {isa = PBXBuildFile; fileRef = FA87C3BC258C826A00501AE2 /* FeedErrorViewModel.swift */; };
		FA87C3CB258C82A000501AE2 /* FeedLoadingViewModel.swift in Sources */ = {isa = PBXBuildFile; fileRef = FA87C3CA258C82A000501AE2 /* FeedLoadingViewModel.swift */; };
		FA87C3F1258C843D00501AE2 /* FeedLocalizationTests.swift in Sources */ = {isa = PBXBuildFile; fileRef = FA59901A25809CCE005CB92B /* FeedLocalizationTests.swift */; };
		FA8B34CF2530202800C16B64 /* HTTPClient.swift in Sources */ = {isa = PBXBuildFile; fileRef = FA8B34CE2530202800C16B64 /* HTTPClient.swift */; };
		FA8B34D32530208300C16B64 /* FeedItemsMapper.swift in Sources */ = {isa = PBXBuildFile; fileRef = FA8B34D22530208300C16B64 /* FeedItemsMapper.swift */; };
		FA9D605B25A006AF0015516F /* FeedCache.swift in Sources */ = {isa = PBXBuildFile; fileRef = FA9D605A25A006AF0015516F /* FeedCache.swift */; };
		FAA703EE253802A300483E5C /* XCTestCase+MemoryLeakTracking.swift in Sources */ = {isa = PBXBuildFile; fileRef = FAA703ED253802A300483E5C /* XCTestCase+MemoryLeakTracking.swift */; };
		FAB36EC22543B16F00A72D4B /* FeedCacheUseCaseTests.swift in Sources */ = {isa = PBXBuildFile; fileRef = FAB36EC12543B16F00A72D4B /* FeedCacheUseCaseTests.swift */; };
		FAB46BE1252D7D8200D42054 /* RemoteFeedLoader.swift in Sources */ = {isa = PBXBuildFile; fileRef = FAB46BE0252D7D8200D42054 /* RemoteFeedLoader.swift */; };
		FAB54FAC258C6B1800C318F2 /* ErrorView.swift in Sources */ = {isa = PBXBuildFile; fileRef = FAB54FAB258C6B1800C318F2 /* ErrorView.swift */; };
		FAB5D0982574442C008FF57F /* FeedImageCellController.swift in Sources */ = {isa = PBXBuildFile; fileRef = FAB5D0972574442C008FF57F /* FeedImageCellController.swift */; };
		FAB70D39256B025300884570 /* EssentialFeed.framework in Frameworks */ = {isa = PBXBuildFile; fileRef = FA50A935252AD568005C33A2 /* EssentialFeed.framework */; };
		FAB70D40256B030000884570 /* XCTestCase+MemoryLeakTracking.swift in Sources */ = {isa = PBXBuildFile; fileRef = FAA703ED253802A300483E5C /* XCTestCase+MemoryLeakTracking.swift */; };
		FAB70D48256B0CBB00884570 /* FeedViewController.swift in Sources */ = {isa = PBXBuildFile; fileRef = FAB70D47256B0CBB00884570 /* FeedViewController.swift */; };
		FAB9B812256F73D3007D4A61 /* UIView+Shimmering.swift in Sources */ = {isa = PBXBuildFile; fileRef = FAB9B811256F73D3007D4A61 /* UIView+Shimmering.swift */; };
		FAC160AE25630B1100B51517 /* EssentialFeedCacheIntegrationTests.swift in Sources */ = {isa = PBXBuildFile; fileRef = FAC160AD25630B1100B51517 /* EssentialFeedCacheIntegrationTests.swift */; };
		FAC160B025630B1100B51517 /* EssentialFeed.framework in Frameworks */ = {isa = PBXBuildFile; fileRef = FA50A935252AD568005C33A2 /* EssentialFeed.framework */; };
		FAC160BA25630DE000B51517 /* XCTestCase+MemoryLeakTracking.swift in Sources */ = {isa = PBXBuildFile; fileRef = FAA703ED253802A300483E5C /* XCTestCase+MemoryLeakTracking.swift */; };
		FAC160BF2563111800B51517 /* FeedCacheTestHelpers.swift in Sources */ = {isa = PBXBuildFile; fileRef = FA54A105254D5660003777FA /* FeedCacheTestHelpers.swift */; };
		FAC160C42563113C00B51517 /* SharedTestHelpers.swift in Sources */ = {isa = PBXBuildFile; fileRef = FA54A10A254D575E003777FA /* SharedTestHelpers.swift */; };
		FACD3EF825970CA80003D0B4 /* CoreDataHelpers.swift in Sources */ = {isa = PBXBuildFile; fileRef = FACD3EF225970CA80003D0B4 /* CoreDataHelpers.swift */; };
		FACD3EF925970CA80003D0B4 /* ManagedFeedImage.swift in Sources */ = {isa = PBXBuildFile; fileRef = FACD3EF325970CA80003D0B4 /* ManagedFeedImage.swift */; };
		FACD3EFA25970CA80003D0B4 /* FeedStore.xcdatamodeld in Sources */ = {isa = PBXBuildFile; fileRef = FACD3EF425970CA80003D0B4 /* FeedStore.xcdatamodeld */; };
		FACD3EFB25970CA80003D0B4 /* ManagedCache.swift in Sources */ = {isa = PBXBuildFile; fileRef = FACD3EF625970CA80003D0B4 /* ManagedCache.swift */; };
		FACD3EFC25970CA80003D0B4 /* CoreDataFeedStore.swift in Sources */ = {isa = PBXBuildFile; fileRef = FACD3EF725970CA80003D0B4 /* CoreDataFeedStore.swift */; };
		FAED3EC3256CBE9300F3CD5E /* FeedImageCell.swift in Sources */ = {isa = PBXBuildFile; fileRef = FAED3EC2256CBE9300F3CD5E /* FeedImageCell.swift */; };
/* End PBXBuildFile section */

/* Begin PBXContainerItemProxy section */
		FA29C8162569E581009594FB /* PBXContainerItemProxy */ = {
			isa = PBXContainerItemProxy;
			containerPortal = FA50A92C252AD568005C33A2 /* Project object */;
			proxyType = 1;
			remoteGlobalIDString = FA29C80B2569E580009594FB;
			remoteInfo = EssentialFeediOS;
		};
		FA50A940252AD568005C33A2 /* PBXContainerItemProxy */ = {
			isa = PBXContainerItemProxy;
			containerPortal = FA50A92C252AD568005C33A2 /* Project object */;
			proxyType = 1;
			remoteGlobalIDString = FA50A934252AD568005C33A2;
			remoteInfo = EssentialFeed;
		};
		FA5B0CDF253A6C0800075D95 /* PBXContainerItemProxy */ = {
			isa = PBXContainerItemProxy;
			containerPortal = FA50A92C252AD568005C33A2 /* Project object */;
			proxyType = 1;
			remoteGlobalIDString = FA50A934252AD568005C33A2;
			remoteInfo = EssentialFeed;
		};
		FAC160B125630B1100B51517 /* PBXContainerItemProxy */ = {
			isa = PBXContainerItemProxy;
			containerPortal = FA50A92C252AD568005C33A2 /* Project object */;
			proxyType = 1;
			remoteGlobalIDString = FA50A934252AD568005C33A2;
			remoteInfo = EssentialFeed;
		};
/* End PBXContainerItemProxy section */

/* Begin PBXFileReference section */
		FA005E942592EBB9008C0C42 /* LoadFeedImageDataFromRemoteUseCaseTests.swift */ = {isa = PBXFileReference; lastKnownFileType = sourcecode.swift; path = LoadFeedImageDataFromRemoteUseCaseTests.swift; sourceTree = "<group>"; };
		FA0630AC2546813A0089D667 /* RemoteFeedItem.swift */ = {isa = PBXFileReference; lastKnownFileType = sourcecode.swift; path = RemoteFeedItem.swift; sourceTree = "<group>"; };
		FA0630B12546819D0089D667 /* LocalFeedImage.swift */ = {isa = PBXFileReference; lastKnownFileType = sourcecode.swift; path = LocalFeedImage.swift; sourceTree = "<group>"; };
		FA11F472255F8341004B288A /* CoreDataFeedStoreTests.swift */ = {isa = PBXFileReference; lastKnownFileType = sourcecode.swift; path = CoreDataFeedStoreTests.swift; sourceTree = "<group>"; };
		FA160836266C3EBF003ED3A7 /* LoadImageCommentsFromRemoteUseCaseTests.swift */ = {isa = PBXFileReference; lastKnownFileType = sourcecode.swift; path = LoadImageCommentsFromRemoteUseCaseTests.swift; sourceTree = "<group>"; };
		FA160838266C3F89003ED3A7 /* RemoteImageCommentsLoader.swift */ = {isa = PBXFileReference; lastKnownFileType = sourcecode.swift; path = RemoteImageCommentsLoader.swift; sourceTree = "<group>"; };
		FA16083A266C4067003ED3A7 /* ImageCommentsMapper.swift */ = {isa = PBXFileReference; lastKnownFileType = sourcecode.swift; path = ImageCommentsMapper.swift; sourceTree = "<group>"; };
		FA1783A525381A2F000BBD32 /* URLSessionHTTPClient.swift */ = {isa = PBXFileReference; lastKnownFileType = sourcecode.swift; path = URLSessionHTTPClient.swift; sourceTree = "<group>"; };
		FA1BD91D25354A4C00823540 /* URLSessionHTTPClientTests.swift */ = {isa = PBXFileReference; lastKnownFileType = sourcecode.swift; path = URLSessionHTTPClientTests.swift; sourceTree = "<group>"; };
		FA1D086425902E3D00622679 /* FeedImagePresenterTests.swift */ = {isa = PBXFileReference; lastKnownFileType = sourcecode.swift; path = FeedImagePresenterTests.swift; sourceTree = "<group>"; };
		FA1D086C25903A2B00622679 /* FeedImagePresenter.swift */ = {isa = PBXFileReference; lastKnownFileType = sourcecode.swift; path = FeedImagePresenter.swift; sourceTree = "<group>"; };
		FA1D087C25903B1000622679 /* FeedImageViewModel.swift */ = {isa = PBXFileReference; lastKnownFileType = sourcecode.swift; path = FeedImageViewModel.swift; sourceTree = "<group>"; };
		FA2367F72599577200AE2FC2 /* CoreDataFeedImageDataStoreTests.swift */ = {isa = PBXFileReference; lastKnownFileType = sourcecode.swift; path = CoreDataFeedImageDataStoreTests.swift; sourceTree = "<group>"; };
		FA236814259AE36400AE2FC2 /* FeedStore2.xcdatamodel */ = {isa = PBXFileReference; lastKnownFileType = wrapper.xcdatamodel; path = FeedStore2.xcdatamodel; sourceTree = "<group>"; };
		FA23681B259AE49600AE2FC2 /* CoreDataFeedStore+FeedImageDataLoader.swift */ = {isa = PBXFileReference; lastKnownFileType = sourcecode.swift; path = "CoreDataFeedStore+FeedImageDataLoader.swift"; sourceTree = "<group>"; };
		FA236829259AEAD400AE2FC2 /* CoreDataFeedStore+FeedStore.swift */ = {isa = PBXFileReference; lastKnownFileType = sourcecode.swift; path = "CoreDataFeedStore+FeedStore.swift"; sourceTree = "<group>"; };
		FA29C80C2569E580009594FB /* EssentialFeediOS.framework */ = {isa = PBXFileReference; explicitFileType = wrapper.framework; includeInIndex = 0; path = EssentialFeediOS.framework; sourceTree = BUILT_PRODUCTS_DIR; };
		FA29C80F2569E580009594FB /* Info.plist */ = {isa = PBXFileReference; lastKnownFileType = text.plist.xml; path = Info.plist; sourceTree = "<group>"; };
		FA29C8142569E581009594FB /* EssentialFeediOSTests.xctest */ = {isa = PBXFileReference; explicitFileType = wrapper.cfbundle; includeInIndex = 0; path = EssentialFeediOSTests.xctest; sourceTree = BUILT_PRODUCTS_DIR; };
		FA29C81B2569E581009594FB /* Info.plist */ = {isa = PBXFileReference; lastKnownFileType = text.plist.xml; path = Info.plist; sourceTree = "<group>"; };
		FA2DF84A2545439900EDE5C0 /* LocalFeedLoader.swift */ = {isa = PBXFileReference; lastKnownFileType = sourcecode.swift; path = LocalFeedLoader.swift; sourceTree = "<group>"; };
		FA2DF8522545440600EDE5C0 /* FeedStore.swift */ = {isa = PBXFileReference; lastKnownFileType = sourcecode.swift; path = FeedStore.swift; sourceTree = "<group>"; };
		FA38919C2548F9EA007575BC /* LoadFeedFromCacheUseCaseTests.swift */ = {isa = PBXFileReference; lastKnownFileType = sourcecode.swift; path = LoadFeedFromCacheUseCaseTests.swift; sourceTree = "<group>"; };
		FA3891A22548FB8B007575BC /* FeedStoreSpy.swift */ = {isa = PBXFileReference; lastKnownFileType = sourcecode.swift; path = FeedStoreSpy.swift; sourceTree = "<group>"; };
		FA50A935252AD568005C33A2 /* EssentialFeed.framework */ = {isa = PBXFileReference; explicitFileType = wrapper.framework; includeInIndex = 0; path = EssentialFeed.framework; sourceTree = BUILT_PRODUCTS_DIR; };
		FA50A939252AD568005C33A2 /* Info.plist */ = {isa = PBXFileReference; lastKnownFileType = text.plist.xml; path = Info.plist; sourceTree = "<group>"; };
		FA50A93E252AD568005C33A2 /* EssentialFeedTests.xctest */ = {isa = PBXFileReference; explicitFileType = wrapper.cfbundle; includeInIndex = 0; path = EssentialFeedTests.xctest; sourceTree = BUILT_PRODUCTS_DIR; };
		FA50A945252AD568005C33A2 /* Info.plist */ = {isa = PBXFileReference; lastKnownFileType = text.plist.xml; path = Info.plist; sourceTree = "<group>"; };
		FA50A953252AD598005C33A2 /* FeedImage.swift */ = {isa = PBXFileReference; lastKnownFileType = sourcecode.swift; path = FeedImage.swift; sourceTree = "<group>"; };
		FA50A957252AD5EE005C33A2 /* FeedLoader.swift */ = {isa = PBXFileReference; lastKnownFileType = sourcecode.swift; path = FeedLoader.swift; sourceTree = "<group>"; };
		FA54A100254D53A8003777FA /* ValidateFeedCacheUseCaseTests.swift */ = {isa = PBXFileReference; lastKnownFileType = sourcecode.swift; path = ValidateFeedCacheUseCaseTests.swift; sourceTree = "<group>"; };
		FA54A105254D5660003777FA /* FeedCacheTestHelpers.swift */ = {isa = PBXFileReference; lastKnownFileType = sourcecode.swift; path = FeedCacheTestHelpers.swift; sourceTree = "<group>"; };
		FA54A10A254D575E003777FA /* SharedTestHelpers.swift */ = {isa = PBXFileReference; lastKnownFileType = sourcecode.swift; path = SharedTestHelpers.swift; sourceTree = "<group>"; };
		FA56981F257D9CBF00E2A9BE /* Feed.storyboard */ = {isa = PBXFileReference; lastKnownFileType = file.storyboard; path = Feed.storyboard; sourceTree = "<group>"; };
		FA569828257D9D3F00E2A9BE /* Feed.xcassets */ = {isa = PBXFileReference; lastKnownFileType = folder.assetcatalog; path = Feed.xcassets; sourceTree = "<group>"; };
		FA569836257DA8B800E2A9BE /* UITableView+Dequeueing.swift */ = {isa = PBXFileReference; lastKnownFileType = sourcecode.swift; path = "UITableView+Dequeueing.swift"; sourceTree = "<group>"; };
		FA56983E257DA9CD00E2A9BE /* UIImageView+Animations.swift */ = {isa = PBXFileReference; lastKnownFileType = sourcecode.swift; path = "UIImageView+Animations.swift"; sourceTree = "<group>"; };
		FA59901A25809CCE005CB92B /* FeedLocalizationTests.swift */ = {isa = PBXFileReference; lastKnownFileType = sourcecode.swift; path = FeedLocalizationTests.swift; sourceTree = "<group>"; };
		FA5AC85D25A13A3C00A5402A /* FeedSnapshotTests.swift */ = {isa = PBXFileReference; lastKnownFileType = sourcecode.swift; path = FeedSnapshotTests.swift; sourceTree = "<group>"; };
		FA5AC86625A13F5B00A5402A /* UIImage+TestHelpers.swift */ = {isa = PBXFileReference; lastKnownFileType = sourcecode.swift; path = "UIImage+TestHelpers.swift"; sourceTree = "<group>"; };
		FA5AC87425A1402C00A5402A /* snapshots */ = {isa = PBXFileReference; lastKnownFileType = folder; path = snapshots; sourceTree = "<group>"; };
		FA5AC87B25A1412200A5402A /* UITableView+HeaderSizing.swift */ = {isa = PBXFileReference; lastKnownFileType = sourcecode.swift; path = "UITableView+HeaderSizing.swift"; sourceTree = "<group>"; };
		FA5B0CD9253A6C0800075D95 /* EssentialFeedAPIEndToEndTests.xctest */ = {isa = PBXFileReference; explicitFileType = wrapper.cfbundle; includeInIndex = 0; path = EssentialFeedAPIEndToEndTests.xctest; sourceTree = BUILT_PRODUCTS_DIR; };
		FA5B0CDB253A6C0800075D95 /* EssentialFeedAPIEndToEndTests.swift */ = {isa = PBXFileReference; lastKnownFileType = sourcecode.swift; path = EssentialFeedAPIEndToEndTests.swift; sourceTree = "<group>"; };
		FA5B0CDD253A6C0800075D95 /* Info.plist */ = {isa = PBXFileReference; lastKnownFileType = text.plist.xml; path = Info.plist; sourceTree = "<group>"; };
		FA607EE0255790E50056B5B2 /* FeedStoreSpecs.swift */ = {isa = PBXFileReference; lastKnownFileType = sourcecode.swift; path = FeedStoreSpecs.swift; sourceTree = "<group>"; };
		FA607EE5255791650056B5B2 /* XCTestCase+FeedStoreSpecs.swift */ = {isa = PBXFileReference; lastKnownFileType = sourcecode.swift; path = "XCTestCase+FeedStoreSpecs.swift"; sourceTree = "<group>"; };
		FA72EDBE252C1CF5006B18D6 /* LoadFeedFromRemoteUseCaseTests.swift */ = {isa = PBXFileReference; lastKnownFileType = sourcecode.swift; path = LoadFeedFromRemoteUseCaseTests.swift; sourceTree = "<group>"; };
		FA763FF42598141F0001B582 /* LocalFeedImageDataFromCacheUseCaseTests.swift */ = {isa = PBXFileReference; lastKnownFileType = sourcecode.swift; path = LocalFeedImageDataFromCacheUseCaseTests.swift; sourceTree = "<group>"; };
		FA763FFC259836ED0001B582 /* LocalFeedImageDataLoader.swift */ = {isa = PBXFileReference; lastKnownFileType = sourcecode.swift; path = LocalFeedImageDataLoader.swift; sourceTree = "<group>"; };
		FA764004259836F40001B582 /* FeedImageDataStore.swift */ = {isa = PBXFileReference; lastKnownFileType = sourcecode.swift; path = FeedImageDataStore.swift; sourceTree = "<group>"; };
		FA76401225983B510001B582 /* FeedImageDataStoreSpy.swift */ = {isa = PBXFileReference; lastKnownFileType = sourcecode.swift; path = FeedImageDataStoreSpy.swift; sourceTree = "<group>"; };
		FA76401A25983BEF0001B582 /* CacheFeedImageDataUseCaseTests.swift */ = {isa = PBXFileReference; lastKnownFileType = sourcecode.swift; path = CacheFeedImageDataUseCaseTests.swift; sourceTree = "<group>"; };
		FA79F7C9254E6F7300F798A9 /* FeedCachePolicy.swift */ = {isa = PBXFileReference; lastKnownFileType = sourcecode.swift; path = FeedCachePolicy.swift; sourceTree = "<group>"; };
		FA82A60525A0217F0012E642 /* FeedImageDataCache.swift */ = {isa = PBXFileReference; lastKnownFileType = sourcecode.swift; path = FeedImageDataCache.swift; sourceTree = "<group>"; };
		FA868DD82597164A00897A1E /* HTTPClientSpy.swift */ = {isa = PBXFileReference; lastKnownFileType = sourcecode.swift; path = HTTPClientSpy.swift; sourceTree = "<group>"; };
		FA868DEC2597179600897A1E /* RemoteFeedImageDataLoader.swift */ = {isa = PBXFileReference; lastKnownFileType = sourcecode.swift; path = RemoteFeedImageDataLoader.swift; sourceTree = "<group>"; };
		FA868DFC25971EE400897A1E /* HTTPURLResponse+StatusCode.swift */ = {isa = PBXFileReference; lastKnownFileType = sourcecode.swift; path = "HTTPURLResponse+StatusCode.swift"; sourceTree = "<group>"; };
		FA868E0A25971FC500897A1E /* URLProtocolStub.swift */ = {isa = PBXFileReference; lastKnownFileType = sourcecode.swift; path = URLProtocolStub.swift; sourceTree = "<group>"; };
		FA87C368258C740B00501AE2 /* UIRefreshControl+Helpers.swift */ = {isa = PBXFileReference; lastKnownFileType = sourcecode.swift; path = "UIRefreshControl+Helpers.swift"; sourceTree = "<group>"; };
		FA87C371258C75A900501AE2 /* FeedPresenterTests.swift */ = {isa = PBXFileReference; lastKnownFileType = sourcecode.swift; path = FeedPresenterTests.swift; sourceTree = "<group>"; };
		FA87C388258C7F3800501AE2 /* en */ = {isa = PBXFileReference; lastKnownFileType = text.plist.strings; name = en; path = en.lproj/Feed.strings; sourceTree = "<group>"; };
		FA87C38A258C7F3B00501AE2 /* el */ = {isa = PBXFileReference; lastKnownFileType = text.plist.strings; name = el; path = el.lproj/Feed.strings; sourceTree = "<group>"; };
		FA87C38B258C7F3C00501AE2 /* pt-BR */ = {isa = PBXFileReference; lastKnownFileType = text.plist.strings; name = "pt-BR"; path = "pt-BR.lproj/Feed.strings"; sourceTree = "<group>"; };
		FA87C393258C80D700501AE2 /* FeedPresenter.swift */ = {isa = PBXFileReference; lastKnownFileType = sourcecode.swift; path = FeedPresenter.swift; sourceTree = "<group>"; };
		FA87C3B4258C823400501AE2 /* FeedViewModel.swift */ = {isa = PBXFileReference; lastKnownFileType = sourcecode.swift; path = FeedViewModel.swift; sourceTree = "<group>"; };
		FA87C3BC258C826A00501AE2 /* FeedErrorViewModel.swift */ = {isa = PBXFileReference; lastKnownFileType = sourcecode.swift; path = FeedErrorViewModel.swift; sourceTree = "<group>"; };
		FA87C3CA258C82A000501AE2 /* FeedLoadingViewModel.swift */ = {isa = PBXFileReference; lastKnownFileType = sourcecode.swift; path = FeedLoadingViewModel.swift; sourceTree = "<group>"; };
		FA8B34CE2530202800C16B64 /* HTTPClient.swift */ = {isa = PBXFileReference; lastKnownFileType = sourcecode.swift; path = HTTPClient.swift; sourceTree = "<group>"; };
		FA8B34D22530208300C16B64 /* FeedItemsMapper.swift */ = {isa = PBXFileReference; lastKnownFileType = sourcecode.swift; path = FeedItemsMapper.swift; sourceTree = "<group>"; };
		FA9D605A25A006AF0015516F /* FeedCache.swift */ = {isa = PBXFileReference; lastKnownFileType = sourcecode.swift; path = FeedCache.swift; sourceTree = "<group>"; };
		FAA703ED253802A300483E5C /* XCTestCase+MemoryLeakTracking.swift */ = {isa = PBXFileReference; lastKnownFileType = sourcecode.swift; path = "XCTestCase+MemoryLeakTracking.swift"; sourceTree = "<group>"; };
		FAB36EC12543B16F00A72D4B /* FeedCacheUseCaseTests.swift */ = {isa = PBXFileReference; lastKnownFileType = sourcecode.swift; path = FeedCacheUseCaseTests.swift; sourceTree = "<group>"; };
		FAB46BE0252D7D8200D42054 /* RemoteFeedLoader.swift */ = {isa = PBXFileReference; lastKnownFileType = sourcecode.swift; path = RemoteFeedLoader.swift; sourceTree = "<group>"; };
		FAB54FAB258C6B1800C318F2 /* ErrorView.swift */ = {isa = PBXFileReference; lastKnownFileType = sourcecode.swift; path = ErrorView.swift; sourceTree = "<group>"; };
		FAB5D0972574442C008FF57F /* FeedImageCellController.swift */ = {isa = PBXFileReference; lastKnownFileType = sourcecode.swift; path = FeedImageCellController.swift; sourceTree = "<group>"; };
		FAB70D47256B0CBB00884570 /* FeedViewController.swift */ = {isa = PBXFileReference; lastKnownFileType = sourcecode.swift; path = FeedViewController.swift; sourceTree = "<group>"; };
		FAB9B811256F73D3007D4A61 /* UIView+Shimmering.swift */ = {isa = PBXFileReference; lastKnownFileType = sourcecode.swift; path = "UIView+Shimmering.swift"; sourceTree = "<group>"; };
		FAC160AB25630B1100B51517 /* EssentialFeedCacheIntegrationTests.xctest */ = {isa = PBXFileReference; explicitFileType = wrapper.cfbundle; includeInIndex = 0; path = EssentialFeedCacheIntegrationTests.xctest; sourceTree = BUILT_PRODUCTS_DIR; };
		FAC160AD25630B1100B51517 /* EssentialFeedCacheIntegrationTests.swift */ = {isa = PBXFileReference; lastKnownFileType = sourcecode.swift; path = EssentialFeedCacheIntegrationTests.swift; sourceTree = "<group>"; };
		FAC160AF25630B1100B51517 /* Info.plist */ = {isa = PBXFileReference; lastKnownFileType = text.plist.xml; path = Info.plist; sourceTree = "<group>"; };
		FAC1BE2025743BC00051CF7C /* FeedImageDataLoader.swift */ = {isa = PBXFileReference; lastKnownFileType = sourcecode.swift; path = FeedImageDataLoader.swift; sourceTree = "<group>"; };
		FACD3EF225970CA80003D0B4 /* CoreDataHelpers.swift */ = {isa = PBXFileReference; fileEncoding = 4; lastKnownFileType = sourcecode.swift; path = CoreDataHelpers.swift; sourceTree = "<group>"; };
		FACD3EF325970CA80003D0B4 /* ManagedFeedImage.swift */ = {isa = PBXFileReference; fileEncoding = 4; lastKnownFileType = sourcecode.swift; path = ManagedFeedImage.swift; sourceTree = "<group>"; };
		FACD3EF525970CA80003D0B4 /* FeedStore.xcdatamodel */ = {isa = PBXFileReference; lastKnownFileType = wrapper.xcdatamodel; path = FeedStore.xcdatamodel; sourceTree = "<group>"; };
		FACD3EF625970CA80003D0B4 /* ManagedCache.swift */ = {isa = PBXFileReference; fileEncoding = 4; lastKnownFileType = sourcecode.swift; path = ManagedCache.swift; sourceTree = "<group>"; };
		FACD3EF725970CA80003D0B4 /* CoreDataFeedStore.swift */ = {isa = PBXFileReference; fileEncoding = 4; lastKnownFileType = sourcecode.swift; path = CoreDataFeedStore.swift; sourceTree = "<group>"; };
		FAED3EC2256CBE9300F3CD5E /* FeedImageCell.swift */ = {isa = PBXFileReference; lastKnownFileType = sourcecode.swift; path = FeedImageCell.swift; sourceTree = "<group>"; };
/* End PBXFileReference section */

/* Begin PBXFrameworksBuildPhase section */
		FA29C8092569E580009594FB /* Frameworks */ = {
			isa = PBXFrameworksBuildPhase;
			buildActionMask = 2147483647;
			files = (
				FAB70D39256B025300884570 /* EssentialFeed.framework in Frameworks */,
			);
			runOnlyForDeploymentPostprocessing = 0;
		};
		FA29C8112569E581009594FB /* Frameworks */ = {
			isa = PBXFrameworksBuildPhase;
			buildActionMask = 2147483647;
			files = (
				FA29C8152569E581009594FB /* EssentialFeediOS.framework in Frameworks */,
			);
			runOnlyForDeploymentPostprocessing = 0;
		};
		FA50A932252AD568005C33A2 /* Frameworks */ = {
			isa = PBXFrameworksBuildPhase;
			buildActionMask = 2147483647;
			files = (
			);
			runOnlyForDeploymentPostprocessing = 0;
		};
		FA50A93B252AD568005C33A2 /* Frameworks */ = {
			isa = PBXFrameworksBuildPhase;
			buildActionMask = 2147483647;
			files = (
				FA50A93F252AD568005C33A2 /* EssentialFeed.framework in Frameworks */,
			);
			runOnlyForDeploymentPostprocessing = 0;
		};
		FA5B0CD6253A6C0800075D95 /* Frameworks */ = {
			isa = PBXFrameworksBuildPhase;
			buildActionMask = 2147483647;
			files = (
				FA5B0CDE253A6C0800075D95 /* EssentialFeed.framework in Frameworks */,
			);
			runOnlyForDeploymentPostprocessing = 0;
		};
		FAC160A825630B1100B51517 /* Frameworks */ = {
			isa = PBXFrameworksBuildPhase;
			buildActionMask = 2147483647;
			files = (
				FAC160B025630B1100B51517 /* EssentialFeed.framework in Frameworks */,
			);
			runOnlyForDeploymentPostprocessing = 0;
		};
/* End PBXFrameworksBuildPhase section */

/* Begin PBXGroup section */
		FA1D087425903ACF00622679 /* FeedPresenter */ = {
			isa = PBXGroup;
			children = (
				FA87C393258C80D700501AE2 /* FeedPresenter.swift */,
				FA87C3B4258C823400501AE2 /* FeedViewModel.swift */,
				FA87C3CA258C82A000501AE2 /* FeedLoadingViewModel.swift */,
				FA87C3BC258C826A00501AE2 /* FeedErrorViewModel.swift */,
			);
			name = FeedPresenter;
			sourceTree = "<group>";
		};
		FA1D087525903ADC00622679 /* FeedImagePresenter */ = {
			isa = PBXGroup;
			children = (
				FA1D086C25903A2B00622679 /* FeedImagePresenter.swift */,
				FA1D087C25903B1000622679 /* FeedImageViewModel.swift */,
			);
			name = FeedImagePresenter;
			sourceTree = "<group>";
		};
		FA29C80D2569E580009594FB /* EssentialFeediOS */ = {
			isa = PBXGroup;
			children = (
				FA29C80F2569E580009594FB /* Info.plist */,
				FAC1BE1D25743B5D0051CF7C /* FeedUI */,
			);
			path = EssentialFeediOS;
			sourceTree = "<group>";
		};
		FA29C8182569E581009594FB /* EssentialFeediOSTests */ = {
			isa = PBXGroup;
			children = (
				FA5AC86525A13F4500A5402A /* Helpers */,
				FA29C81B2569E581009594FB /* Info.plist */,
				FA5AC87425A1402C00A5402A /* snapshots */,
				FA5AC85D25A13A3C00A5402A /* FeedSnapshotTests.swift */,
			);
			path = EssentialFeediOSTests;
			sourceTree = "<group>";
		};
		FA2DF8492545438C00EDE5C0 /* FeedCache */ = {
			isa = PBXGroup;
			children = (
				FA2DF84A2545439900EDE5C0 /* LocalFeedLoader.swift */,
				FA2DF8522545440600EDE5C0 /* FeedStore.swift */,
				FA0630B12546819D0089D667 /* LocalFeedImage.swift */,
				FA79F7C9254E6F7300F798A9 /* FeedCachePolicy.swift */,
				FA763FFC259836ED0001B582 /* LocalFeedImageDataLoader.swift */,
				FA764004259836F40001B582 /* FeedImageDataStore.swift */,
				FACD3EF025970CA80003D0B4 /* Infrastructure */,
			);
			path = FeedCache;
			sourceTree = "<group>";
		};
		FA3891A12548FB7B007575BC /* Helpers */ = {
			isa = PBXGroup;
			children = (
				FA3891A22548FB8B007575BC /* FeedStoreSpy.swift */,
				FA54A105254D5660003777FA /* FeedCacheTestHelpers.swift */,
				FA76401225983B510001B582 /* FeedImageDataStoreSpy.swift */,
			);
			path = Helpers;
			sourceTree = "<group>";
		};
		FA50A92B252AD568005C33A2 = {
			isa = PBXGroup;
			children = (
				FA50A937252AD568005C33A2 /* EssentialFeed */,
				FA50A942252AD568005C33A2 /* EssentialFeedTests */,
				FA5B0CDA253A6C0800075D95 /* EssentialFeedAPIEndToEndTests */,
				FAC160AC25630B1100B51517 /* EssentialFeedCacheIntegrationTests */,
				FA29C80D2569E580009594FB /* EssentialFeediOS */,
				FA29C8182569E581009594FB /* EssentialFeediOSTests */,
				FA50A936252AD568005C33A2 /* Products */,
				FAB70D38256B025300884570 /* Frameworks */,
			);
			sourceTree = "<group>";
		};
		FA50A936252AD568005C33A2 /* Products */ = {
			isa = PBXGroup;
			children = (
				FA50A935252AD568005C33A2 /* EssentialFeed.framework */,
				FA50A93E252AD568005C33A2 /* EssentialFeedTests.xctest */,
				FA5B0CD9253A6C0800075D95 /* EssentialFeedAPIEndToEndTests.xctest */,
				FAC160AB25630B1100B51517 /* EssentialFeedCacheIntegrationTests.xctest */,
				FA29C80C2569E580009594FB /* EssentialFeediOS.framework */,
				FA29C8142569E581009594FB /* EssentialFeediOSTests.xctest */,
			);
			name = Products;
			sourceTree = "<group>";
		};
		FA50A937252AD568005C33A2 /* EssentialFeed */ = {
			isa = PBXGroup;
			children = (
				FA50A939252AD568005C33A2 /* Info.plist */,
				FA2DF8492545438C00EDE5C0 /* FeedCache */,
				FA8B34DB2530211900C16B64 /* Feed Feature */,
				FA8B34DA2530210200C16B64 /* Feed API */,
				FA87C392258C80C300501AE2 /* Feed Presentation */,
			);
			path = EssentialFeed;
			sourceTree = "<group>";
		};
		FA50A942252AD568005C33A2 /* EssentialFeedTests */ = {
			isa = PBXGroup;
			children = (
				FA50A945252AD568005C33A2 /* Info.plist */,
				FAA703EC2538028E00483E5C /* Helpers */,
				FAB36EC02543B15500A72D4B /* Feed Cache */,
				FA99135825302BDA00732789 /* Feed API */,
				FA87C370258C758800501AE2 /* Feed Presentation */,
			);
			path = EssentialFeedTests;
			sourceTree = "<group>";
		};
		FA5AC86525A13F4500A5402A /* Helpers */ = {
			isa = PBXGroup;
			children = (
				FA5AC86625A13F5B00A5402A /* UIImage+TestHelpers.swift */,
			);
			path = Helpers;
			sourceTree = "<group>";
		};
		FA5B0CDA253A6C0800075D95 /* EssentialFeedAPIEndToEndTests */ = {
			isa = PBXGroup;
			children = (
				FA5B0CDB253A6C0800075D95 /* EssentialFeedAPIEndToEndTests.swift */,
				FA5B0CDD253A6C0800075D95 /* Info.plist */,
			);
			path = EssentialFeedAPIEndToEndTests;
			sourceTree = "<group>";
		};
		FA868DD72597163400897A1E /* Helpers */ = {
			isa = PBXGroup;
			children = (
				FA868DD82597164A00897A1E /* HTTPClientSpy.swift */,
				FA868E0A25971FC500897A1E /* URLProtocolStub.swift */,
			);
			path = Helpers;
			sourceTree = "<group>";
		};
		FA868DFB25971ED000897A1E /* Helpers */ = {
			isa = PBXGroup;
			children = (
				FA868DFC25971EE400897A1E /* HTTPURLResponse+StatusCode.swift */,
			);
			name = Helpers;
			sourceTree = "<group>";
		};
		FA87C353258C736300501AE2 /* Helpers */ = {
			isa = PBXGroup;
			children = (
				FA56983E257DA9CD00E2A9BE /* UIImageView+Animations.swift */,
				FA569836257DA8B800E2A9BE /* UITableView+Dequeueing.swift */,
				FAB9B811256F73D3007D4A61 /* UIView+Shimmering.swift */,
				FA87C368258C740B00501AE2 /* UIRefreshControl+Helpers.swift */,
				FA5AC87B25A1412200A5402A /* UITableView+HeaderSizing.swift */,
			);
			path = Helpers;
			sourceTree = "<group>";
		};
		FA87C370258C758800501AE2 /* Feed Presentation */ = {
			isa = PBXGroup;
			children = (
				FA59901A25809CCE005CB92B /* FeedLocalizationTests.swift */,
				FA87C371258C75A900501AE2 /* FeedPresenterTests.swift */,
				FA1D086425902E3D00622679 /* FeedImagePresenterTests.swift */,
			);
			path = "Feed Presentation";
			sourceTree = "<group>";
		};
		FA87C392258C80C300501AE2 /* Feed Presentation */ = {
			isa = PBXGroup;
			children = (
				FA87C389258C7F3800501AE2 /* Feed.strings */,
				FA1D087425903ACF00622679 /* FeedPresenter */,
				FA1D087525903ADC00622679 /* FeedImagePresenter */,
			);
			path = "Feed Presentation";
			sourceTree = "<group>";
		};
		FA8B34DA2530210200C16B64 /* Feed API */ = {
			isa = PBXGroup;
			children = (
				FA868DFB25971ED000897A1E /* Helpers */,
				FAB46BE0252D7D8200D42054 /* RemoteFeedLoader.swift */,
				FA868DEC2597179600897A1E /* RemoteFeedImageDataLoader.swift */,
				FA8B34D22530208300C16B64 /* FeedItemsMapper.swift */,
				FA0630AC2546813A0089D667 /* RemoteFeedItem.swift */,
				FA160838266C3F89003ED3A7 /* RemoteImageCommentsLoader.swift */,
				FA16083A266C4067003ED3A7 /* ImageCommentsMapper.swift */,
				FA8B34CE2530202800C16B64 /* HTTPClient.swift */,
				FA1783A525381A2F000BBD32 /* URLSessionHTTPClient.swift */,
			);
			path = "Feed API";
			sourceTree = "<group>";
		};
		FA8B34DB2530211900C16B64 /* Feed Feature */ = {
			isa = PBXGroup;
			children = (
				FA50A953252AD598005C33A2 /* FeedImage.swift */,
				FA50A957252AD5EE005C33A2 /* FeedLoader.swift */,
				FA9D605A25A006AF0015516F /* FeedCache.swift */,
				FAC1BE2025743BC00051CF7C /* FeedImageDataLoader.swift */,
				FA82A60525A0217F0012E642 /* FeedImageDataCache.swift */,
			);
			path = "Feed Feature";
			sourceTree = "<group>";
		};
		FA99135825302BDA00732789 /* Feed API */ = {
			isa = PBXGroup;
			children = (
				FA868DD72597163400897A1E /* Helpers */,
				FA72EDBE252C1CF5006B18D6 /* LoadFeedFromRemoteUseCaseTests.swift */,
				FA160836266C3EBF003ED3A7 /* LoadImageCommentsFromRemoteUseCaseTests.swift */,
				FA005E942592EBB9008C0C42 /* LoadFeedImageDataFromRemoteUseCaseTests.swift */,
				FA1BD91D25354A4C00823540 /* URLSessionHTTPClientTests.swift */,
			);
			path = "Feed API";
			sourceTree = "<group>";
		};
		FAA703EC2538028E00483E5C /* Helpers */ = {
			isa = PBXGroup;
			children = (
				FAA703ED253802A300483E5C /* XCTestCase+MemoryLeakTracking.swift */,
				FA54A10A254D575E003777FA /* SharedTestHelpers.swift */,
			);
			path = Helpers;
			sourceTree = "<group>";
		};
		FAB36EC02543B15500A72D4B /* Feed Cache */ = {
			isa = PBXGroup;
			children = (
				FA3891A12548FB7B007575BC /* Helpers */,
				FAB36EC12543B16F00A72D4B /* FeedCacheUseCaseTests.swift */,
				FA76401A25983BEF0001B582 /* CacheFeedImageDataUseCaseTests.swift */,
				FA763FF42598141F0001B582 /* LocalFeedImageDataFromCacheUseCaseTests.swift */,
				FA38919C2548F9EA007575BC /* LoadFeedFromCacheUseCaseTests.swift */,
				FA54A100254D53A8003777FA /* ValidateFeedCacheUseCaseTests.swift */,
				FA607EE5255791650056B5B2 /* XCTestCase+FeedStoreSpecs.swift */,
				FA607EE0255790E50056B5B2 /* FeedStoreSpecs.swift */,
				FA11F472255F8341004B288A /* CoreDataFeedStoreTests.swift */,
				FA2367F72599577200AE2FC2 /* CoreDataFeedImageDataStoreTests.swift */,
			);
			path = "Feed Cache";
			sourceTree = "<group>";
		};
		FAB70D38256B025300884570 /* Frameworks */ = {
			isa = PBXGroup;
			children = (
			);
			name = Frameworks;
			sourceTree = "<group>";
		};
		FAC160AC25630B1100B51517 /* EssentialFeedCacheIntegrationTests */ = {
			isa = PBXGroup;
			children = (
				FAC160AD25630B1100B51517 /* EssentialFeedCacheIntegrationTests.swift */,
				FAC160AF25630B1100B51517 /* Info.plist */,
			);
			path = EssentialFeedCacheIntegrationTests;
			sourceTree = "<group>";
		};
		FAC1BDE4257437BD0051CF7C /* Controllers */ = {
			isa = PBXGroup;
			children = (
				FAB70D47256B0CBB00884570 /* FeedViewController.swift */,
				FAB5D0972574442C008FF57F /* FeedImageCellController.swift */,
			);
			path = Controllers;
			sourceTree = "<group>";
		};
		FAC1BDE5257437C10051CF7C /* Views */ = {
			isa = PBXGroup;
			children = (
				FA87C353258C736300501AE2 /* Helpers */,
				FAB54FAB258C6B1800C318F2 /* ErrorView.swift */,
				FAED3EC2256CBE9300F3CD5E /* FeedImageCell.swift */,
				FA56981F257D9CBF00E2A9BE /* Feed.storyboard */,
				FA569828257D9D3F00E2A9BE /* Feed.xcassets */,
			);
			path = Views;
			sourceTree = "<group>";
		};
		FAC1BE1D25743B5D0051CF7C /* FeedUI */ = {
			isa = PBXGroup;
			children = (
				FAC1BDE4257437BD0051CF7C /* Controllers */,
				FAC1BDE5257437C10051CF7C /* Views */,
			);
			path = FeedUI;
			sourceTree = "<group>";
		};
		FACD3EF025970CA80003D0B4 /* Infrastructure */ = {
			isa = PBXGroup;
			children = (
				FACD3EF125970CA80003D0B4 /* CoreData */,
			);
			path = Infrastructure;
			sourceTree = "<group>";
		};
		FACD3EF125970CA80003D0B4 /* CoreData */ = {
			isa = PBXGroup;
			children = (
				FACD3EF225970CA80003D0B4 /* CoreDataHelpers.swift */,
				FACD3EF325970CA80003D0B4 /* ManagedFeedImage.swift */,
				FACD3EF425970CA80003D0B4 /* FeedStore.xcdatamodeld */,
				FACD3EF625970CA80003D0B4 /* ManagedCache.swift */,
				FACD3EF725970CA80003D0B4 /* CoreDataFeedStore.swift */,
				FA236829259AEAD400AE2FC2 /* CoreDataFeedStore+FeedStore.swift */,
				FA23681B259AE49600AE2FC2 /* CoreDataFeedStore+FeedImageDataLoader.swift */,
			);
			path = CoreData;
			sourceTree = "<group>";
		};
/* End PBXGroup section */

/* Begin PBXHeadersBuildPhase section */
		FA29C8072569E580009594FB /* Headers */ = {
			isa = PBXHeadersBuildPhase;
			buildActionMask = 2147483647;
			files = (
			);
			runOnlyForDeploymentPostprocessing = 0;
		};
		FA50A930252AD568005C33A2 /* Headers */ = {
			isa = PBXHeadersBuildPhase;
			buildActionMask = 2147483647;
			files = (
			);
			runOnlyForDeploymentPostprocessing = 0;
		};
/* End PBXHeadersBuildPhase section */

/* Begin PBXNativeTarget section */
		FA29C80B2569E580009594FB /* EssentialFeediOS */ = {
			isa = PBXNativeTarget;
			buildConfigurationList = FA29C81D2569E581009594FB /* Build configuration list for PBXNativeTarget "EssentialFeediOS" */;
			buildPhases = (
				FA29C8072569E580009594FB /* Headers */,
				FA29C8082569E580009594FB /* Sources */,
				FA29C8092569E580009594FB /* Frameworks */,
				FA29C80A2569E580009594FB /* Resources */,
			);
			buildRules = (
			);
			dependencies = (
			);
			name = EssentialFeediOS;
			productName = EssentialFeediOS;
			productReference = FA29C80C2569E580009594FB /* EssentialFeediOS.framework */;
			productType = "com.apple.product-type.framework";
		};
		FA29C8132569E581009594FB /* EssentialFeediOSTests */ = {
			isa = PBXNativeTarget;
			buildConfigurationList = FA29C8202569E581009594FB /* Build configuration list for PBXNativeTarget "EssentialFeediOSTests" */;
			buildPhases = (
				FA29C8102569E581009594FB /* Sources */,
				FA29C8112569E581009594FB /* Frameworks */,
				FA29C8122569E581009594FB /* Resources */,
			);
			buildRules = (
			);
			dependencies = (
				FA29C8172569E581009594FB /* PBXTargetDependency */,
			);
			name = EssentialFeediOSTests;
			productName = EssentialFeediOSTests;
			productReference = FA29C8142569E581009594FB /* EssentialFeediOSTests.xctest */;
			productType = "com.apple.product-type.bundle.unit-test";
		};
		FA50A934252AD568005C33A2 /* EssentialFeed */ = {
			isa = PBXNativeTarget;
			buildConfigurationList = FA50A949252AD568005C33A2 /* Build configuration list for PBXNativeTarget "EssentialFeed" */;
			buildPhases = (
				FA50A930252AD568005C33A2 /* Headers */,
				FA50A931252AD568005C33A2 /* Sources */,
				FA50A932252AD568005C33A2 /* Frameworks */,
				FA50A933252AD568005C33A2 /* Resources */,
			);
			buildRules = (
			);
			dependencies = (
			);
			name = EssentialFeed;
			productName = EssentialFeed;
			productReference = FA50A935252AD568005C33A2 /* EssentialFeed.framework */;
			productType = "com.apple.product-type.framework";
		};
		FA50A93D252AD568005C33A2 /* EssentialFeedTests */ = {
			isa = PBXNativeTarget;
			buildConfigurationList = FA50A94C252AD568005C33A2 /* Build configuration list for PBXNativeTarget "EssentialFeedTests" */;
			buildPhases = (
				FA50A93A252AD568005C33A2 /* Sources */,
				FA50A93B252AD568005C33A2 /* Frameworks */,
				FA50A93C252AD568005C33A2 /* Resources */,
			);
			buildRules = (
			);
			dependencies = (
				FA50A941252AD568005C33A2 /* PBXTargetDependency */,
			);
			name = EssentialFeedTests;
			productName = EssentialFeedTests;
			productReference = FA50A93E252AD568005C33A2 /* EssentialFeedTests.xctest */;
			productType = "com.apple.product-type.bundle.unit-test";
		};
		FA5B0CD8253A6C0800075D95 /* EssentialFeedAPIEndToEndTests */ = {
			isa = PBXNativeTarget;
			buildConfigurationList = FA5B0CE3253A6C0800075D95 /* Build configuration list for PBXNativeTarget "EssentialFeedAPIEndToEndTests" */;
			buildPhases = (
				FA5B0CD5253A6C0800075D95 /* Sources */,
				FA5B0CD6253A6C0800075D95 /* Frameworks */,
				FA5B0CD7253A6C0800075D95 /* Resources */,
			);
			buildRules = (
			);
			dependencies = (
				FA5B0CE0253A6C0800075D95 /* PBXTargetDependency */,
			);
			name = EssentialFeedAPIEndToEndTests;
			productName = EssentialFeedAPIEndToEndTests;
			productReference = FA5B0CD9253A6C0800075D95 /* EssentialFeedAPIEndToEndTests.xctest */;
			productType = "com.apple.product-type.bundle.unit-test";
		};
		FAC160AA25630B1100B51517 /* EssentialFeedCacheIntegrationTests */ = {
			isa = PBXNativeTarget;
			buildConfigurationList = FAC160B525630B1100B51517 /* Build configuration list for PBXNativeTarget "EssentialFeedCacheIntegrationTests" */;
			buildPhases = (
				FAC160A725630B1100B51517 /* Sources */,
				FAC160A825630B1100B51517 /* Frameworks */,
				FAC160A925630B1100B51517 /* Resources */,
			);
			buildRules = (
			);
			dependencies = (
				FAC160B225630B1100B51517 /* PBXTargetDependency */,
			);
			name = EssentialFeedCacheIntegrationTests;
			productName = EssentialFeedCacheIntegrationTests;
			productReference = FAC160AB25630B1100B51517 /* EssentialFeedCacheIntegrationTests.xctest */;
			productType = "com.apple.product-type.bundle.unit-test";
		};
/* End PBXNativeTarget section */

/* Begin PBXProject section */
		FA50A92C252AD568005C33A2 /* Project object */ = {
			isa = PBXProject;
			attributes = {
				LastSwiftUpdateCheck = 1220;
				LastUpgradeCheck = 1200;
				TargetAttributes = {
					FA29C80B2569E580009594FB = {
						CreatedOnToolsVersion = 12.2;
						LastSwiftMigration = 1220;
					};
					FA29C8132569E581009594FB = {
						CreatedOnToolsVersion = 12.2;
						LastSwiftMigration = 1220;
					};
					FA50A934252AD568005C33A2 = {
						CreatedOnToolsVersion = 12.0.1;
						LastSwiftMigration = 1200;
					};
					FA50A93D252AD568005C33A2 = {
						CreatedOnToolsVersion = 12.0.1;
						LastSwiftMigration = 1200;
					};
					FA5B0CD8253A6C0800075D95 = {
						CreatedOnToolsVersion = 12.0.1;
					};
					FAC160AA25630B1100B51517 = {
						CreatedOnToolsVersion = 12.2;
					};
				};
			};
			buildConfigurationList = FA50A92F252AD568005C33A2 /* Build configuration list for PBXProject "EssentialFeed" */;
			compatibilityVersion = "Xcode 9.3";
			developmentRegion = en;
			hasScannedForEncodings = 0;
			knownRegions = (
				en,
				Base,
				"pt-BR",
				el,
			);
			mainGroup = FA50A92B252AD568005C33A2;
			productRefGroup = FA50A936252AD568005C33A2 /* Products */;
			projectDirPath = "";
			projectRoot = "";
			targets = (
				FA50A934252AD568005C33A2 /* EssentialFeed */,
				FA50A93D252AD568005C33A2 /* EssentialFeedTests */,
				FA5B0CD8253A6C0800075D95 /* EssentialFeedAPIEndToEndTests */,
				FAC160AA25630B1100B51517 /* EssentialFeedCacheIntegrationTests */,
				FA29C80B2569E580009594FB /* EssentialFeediOS */,
				FA29C8132569E581009594FB /* EssentialFeediOSTests */,
			);
		};
/* End PBXProject section */

/* Begin PBXResourcesBuildPhase section */
		FA29C80A2569E580009594FB /* Resources */ = {
			isa = PBXResourcesBuildPhase;
			buildActionMask = 2147483647;
			files = (
				FA569820257D9CBF00E2A9BE /* Feed.storyboard in Resources */,
				FA569829257D9D3F00E2A9BE /* Feed.xcassets in Resources */,
			);
			runOnlyForDeploymentPostprocessing = 0;
		};
		FA29C8122569E581009594FB /* Resources */ = {
			isa = PBXResourcesBuildPhase;
			buildActionMask = 2147483647;
			files = (
			);
			runOnlyForDeploymentPostprocessing = 0;
		};
		FA50A933252AD568005C33A2 /* Resources */ = {
			isa = PBXResourcesBuildPhase;
			buildActionMask = 2147483647;
			files = (
				FA87C3A7258C81BB00501AE2 /* Feed.strings in Resources */,
			);
			runOnlyForDeploymentPostprocessing = 0;
		};
		FA50A93C252AD568005C33A2 /* Resources */ = {
			isa = PBXResourcesBuildPhase;
			buildActionMask = 2147483647;
			files = (
			);
			runOnlyForDeploymentPostprocessing = 0;
		};
		FA5B0CD7253A6C0800075D95 /* Resources */ = {
			isa = PBXResourcesBuildPhase;
			buildActionMask = 2147483647;
			files = (
			);
			runOnlyForDeploymentPostprocessing = 0;
		};
		FAC160A925630B1100B51517 /* Resources */ = {
			isa = PBXResourcesBuildPhase;
			buildActionMask = 2147483647;
			files = (
			);
			runOnlyForDeploymentPostprocessing = 0;
		};
/* End PBXResourcesBuildPhase section */

/* Begin PBXSourcesBuildPhase section */
		FA29C8082569E580009594FB /* Sources */ = {
			isa = PBXSourcesBuildPhase;
			buildActionMask = 2147483647;
			files = (
				FA5AC87C25A1412200A5402A /* UITableView+HeaderSizing.swift in Sources */,
				FAB54FAC258C6B1800C318F2 /* ErrorView.swift in Sources */,
				FA87C369258C740B00501AE2 /* UIRefreshControl+Helpers.swift in Sources */,
				FAB9B812256F73D3007D4A61 /* UIView+Shimmering.swift in Sources */,
				FA569837257DA8B800E2A9BE /* UITableView+Dequeueing.swift in Sources */,
				FAB70D48256B0CBB00884570 /* FeedViewController.swift in Sources */,
				FA56983F257DA9CD00E2A9BE /* UIImageView+Animations.swift in Sources */,
				FAED3EC3256CBE9300F3CD5E /* FeedImageCell.swift in Sources */,
				FAB5D0982574442C008FF57F /* FeedImageCellController.swift in Sources */,
			);
			runOnlyForDeploymentPostprocessing = 0;
		};
		FA29C8102569E581009594FB /* Sources */ = {
			isa = PBXSourcesBuildPhase;
			buildActionMask = 2147483647;
			files = (
				FAB70D40256B030000884570 /* XCTestCase+MemoryLeakTracking.swift in Sources */,
				FA5AC85E25A13A3C00A5402A /* FeedSnapshotTests.swift in Sources */,
				FA5AC86725A13F5B00A5402A /* UIImage+TestHelpers.swift in Sources */,
			);
			runOnlyForDeploymentPostprocessing = 0;
		};
		FA50A931252AD568005C33A2 /* Sources */ = {
			isa = PBXSourcesBuildPhase;
			buildActionMask = 2147483647;
			files = (
				FA763FFD259836ED0001B582 /* LocalFeedImageDataLoader.swift in Sources */,
				FA8B34D32530208300C16B64 /* FeedItemsMapper.swift in Sources */,
				FA50A958252AD5EE005C33A2 /* FeedLoader.swift in Sources */,
				FACD3EFB25970CA80003D0B4 /* ManagedCache.swift in Sources */,
				FA0630AD2546813A0089D667 /* RemoteFeedItem.swift in Sources */,
				FA1D087D25903B1000622679 /* FeedImageViewModel.swift in Sources */,
				FA160839266C3F89003ED3A7 /* RemoteImageCommentsLoader.swift in Sources */,
				FA79F7CA254E6F7300F798A9 /* FeedCachePolicy.swift in Sources */,
				FA868DED2597179600897A1E /* RemoteFeedImageDataLoader.swift in Sources */,
				FACD3EF925970CA80003D0B4 /* ManagedFeedImage.swift in Sources */,
				FAB46BE1252D7D8200D42054 /* RemoteFeedLoader.swift in Sources */,
				FA23682A259AEAD400AE2FC2 /* CoreDataFeedStore+FeedStore.swift in Sources */,
				FA87C3CB258C82A000501AE2 /* FeedLoadingViewModel.swift in Sources */,
				FA0630B22546819D0089D667 /* LocalFeedImage.swift in Sources */,
				FA87C3B5258C823400501AE2 /* FeedViewModel.swift in Sources */,
				FACD3EFC25970CA80003D0B4 /* CoreDataFeedStore.swift in Sources */,
				FA16083B266C4067003ED3A7 /* ImageCommentsMapper.swift in Sources */,
				FA2DF8532545440600EDE5C0 /* FeedStore.swift in Sources */,
				FA2DF84B2545439900EDE5C0 /* LocalFeedLoader.swift in Sources */,
				FA82A60625A0217F0012E642 /* FeedImageDataCache.swift in Sources */,
				FA764005259836F40001B582 /* FeedImageDataStore.swift in Sources */,
				FA8B34CF2530202800C16B64 /* HTTPClient.swift in Sources */,
				FA50A954252AD598005C33A2 /* FeedImage.swift in Sources */,
				FA868DFD25971EE400897A1E /* HTTPURLResponse+StatusCode.swift in Sources */,
				FA87C394258C80D700501AE2 /* FeedPresenter.swift in Sources */,
				FA1783A625381A2F000BBD32 /* URLSessionHTTPClient.swift in Sources */,
				FACD3EF825970CA80003D0B4 /* CoreDataHelpers.swift in Sources */,
				FA87C3BD258C826A00501AE2 /* FeedErrorViewModel.swift in Sources */,
				FA005E812592E8B9008C0C42 /* FeedImageDataLoader.swift in Sources */,
				FA23681C259AE49600AE2FC2 /* CoreDataFeedStore+FeedImageDataLoader.swift in Sources */,
				FACD3EFA25970CA80003D0B4 /* FeedStore.xcdatamodeld in Sources */,
				FA9D605B25A006AF0015516F /* FeedCache.swift in Sources */,
				FA1D086D25903A2B00622679 /* FeedImagePresenter.swift in Sources */,
			);
			runOnlyForDeploymentPostprocessing = 0;
		};
		FA50A93A252AD568005C33A2 /* Sources */ = {
			isa = PBXSourcesBuildPhase;
			buildActionMask = 2147483647;
			files = (
				FA87C372258C75A900501AE2 /* FeedPresenterTests.swift in Sources */,
				FA763FF52598141F0001B582 /* LocalFeedImageDataFromCacheUseCaseTests.swift in Sources */,
				FA76401B25983BEF0001B582 /* CacheFeedImageDataUseCaseTests.swift in Sources */,
				FA868DD92597164A00897A1E /* HTTPClientSpy.swift in Sources */,
				FA11F473255F8341004B288A /* CoreDataFeedStoreTests.swift in Sources */,
				FA54A106254D5660003777FA /* FeedCacheTestHelpers.swift in Sources */,
				FA54A101254D53A8003777FA /* ValidateFeedCacheUseCaseTests.swift in Sources */,
				FA87C3F1258C843D00501AE2 /* FeedLocalizationTests.swift in Sources */,
				FA72EDBF252C1CF5006B18D6 /* LoadFeedFromRemoteUseCaseTests.swift in Sources */,
				FA005E952592EBB9008C0C42 /* LoadFeedImageDataFromRemoteUseCaseTests.swift in Sources */,
				FA1BD91E25354A4C00823540 /* URLSessionHTTPClientTests.swift in Sources */,
				FA160837266C3EBF003ED3A7 /* LoadImageCommentsFromRemoteUseCaseTests.swift in Sources */,
				FA1D086525902E3D00622679 /* FeedImagePresenterTests.swift in Sources */,
				FA3891A32548FB8B007575BC /* FeedStoreSpy.swift in Sources */,
				FA76401325983B510001B582 /* FeedImageDataStoreSpy.swift in Sources */,
				FA2367F82599577200AE2FC2 /* CoreDataFeedImageDataStoreTests.swift in Sources */,
				FA54A10B254D575E003777FA /* SharedTestHelpers.swift in Sources */,
				FAB36EC22543B16F00A72D4B /* FeedCacheUseCaseTests.swift in Sources */,
				FA868E0B25971FC500897A1E /* URLProtocolStub.swift in Sources */,
				FA38919D2548F9EA007575BC /* LoadFeedFromCacheUseCaseTests.swift in Sources */,
				FA607EE1255790E50056B5B2 /* FeedStoreSpecs.swift in Sources */,
				FAA703EE253802A300483E5C /* XCTestCase+MemoryLeakTracking.swift in Sources */,
				FA607EE6255791650056B5B2 /* XCTestCase+FeedStoreSpecs.swift in Sources */,
			);
			runOnlyForDeploymentPostprocessing = 0;
		};
		FA5B0CD5253A6C0800075D95 /* Sources */ = {
			isa = PBXSourcesBuildPhase;
			buildActionMask = 2147483647;
			files = (
				FA5B0CDC253A6C0800075D95 /* EssentialFeedAPIEndToEndTests.swift in Sources */,
				FA5B0CE7253A72F000075D95 /* XCTestCase+MemoryLeakTracking.swift in Sources */,
			);
			runOnlyForDeploymentPostprocessing = 0;
		};
		FAC160A725630B1100B51517 /* Sources */ = {
			isa = PBXSourcesBuildPhase;
			buildActionMask = 2147483647;
			files = (
				FAC160C42563113C00B51517 /* SharedTestHelpers.swift in Sources */,
				FAC160AE25630B1100B51517 /* EssentialFeedCacheIntegrationTests.swift in Sources */,
				FAC160BF2563111800B51517 /* FeedCacheTestHelpers.swift in Sources */,
				FAC160BA25630DE000B51517 /* XCTestCase+MemoryLeakTracking.swift in Sources */,
			);
			runOnlyForDeploymentPostprocessing = 0;
		};
/* End PBXSourcesBuildPhase section */

/* Begin PBXTargetDependency section */
		FA29C8172569E581009594FB /* PBXTargetDependency */ = {
			isa = PBXTargetDependency;
			target = FA29C80B2569E580009594FB /* EssentialFeediOS */;
			targetProxy = FA29C8162569E581009594FB /* PBXContainerItemProxy */;
		};
		FA50A941252AD568005C33A2 /* PBXTargetDependency */ = {
			isa = PBXTargetDependency;
			target = FA50A934252AD568005C33A2 /* EssentialFeed */;
			targetProxy = FA50A940252AD568005C33A2 /* PBXContainerItemProxy */;
		};
		FA5B0CE0253A6C0800075D95 /* PBXTargetDependency */ = {
			isa = PBXTargetDependency;
			target = FA50A934252AD568005C33A2 /* EssentialFeed */;
			targetProxy = FA5B0CDF253A6C0800075D95 /* PBXContainerItemProxy */;
		};
		FAC160B225630B1100B51517 /* PBXTargetDependency */ = {
			isa = PBXTargetDependency;
			target = FA50A934252AD568005C33A2 /* EssentialFeed */;
			targetProxy = FAC160B125630B1100B51517 /* PBXContainerItemProxy */;
		};
/* End PBXTargetDependency section */

/* Begin PBXVariantGroup section */
		FA87C389258C7F3800501AE2 /* Feed.strings */ = {
			isa = PBXVariantGroup;
			children = (
				FA87C388258C7F3800501AE2 /* en */,
				FA87C38A258C7F3B00501AE2 /* el */,
				FA87C38B258C7F3C00501AE2 /* pt-BR */,
			);
			name = Feed.strings;
			sourceTree = "<group>";
		};
/* End PBXVariantGroup section */

/* Begin XCBuildConfiguration section */
		FA29C81E2569E581009594FB /* Debug */ = {
			isa = XCBuildConfiguration;
			buildSettings = {
				CLANG_ENABLE_MODULES = YES;
				CODE_SIGN_STYLE = Automatic;
				DEFINES_MODULE = YES;
				DEVELOPMENT_TEAM = 486CCPNU3B;
				DYLIB_COMPATIBILITY_VERSION = 1;
				DYLIB_CURRENT_VERSION = 1;
				DYLIB_INSTALL_NAME_BASE = "@rpath";
				INFOPLIST_FILE = EssentialFeediOS/Info.plist;
				INSTALL_PATH = "$(LOCAL_LIBRARY_DIR)/Frameworks";
				IPHONEOS_DEPLOYMENT_TARGET = 14.0;
				LD_RUNPATH_SEARCH_PATHS = (
					"$(inherited)",
					"@executable_path/Frameworks",
					"@loader_path/Frameworks",
				);
				PRODUCT_BUNDLE_IDENTIFIER = me.vazquez.angel.EssentialFeediOS;
				PRODUCT_NAME = "$(TARGET_NAME:c99extidentifier)";
				SDKROOT = iphoneos;
				SKIP_INSTALL = YES;
				SWIFT_OPTIMIZATION_LEVEL = "-Onone";
				SWIFT_VERSION = 5.0;
				TARGETED_DEVICE_FAMILY = "1,2";
			};
			name = Debug;
		};
		FA29C81F2569E581009594FB /* Release */ = {
			isa = XCBuildConfiguration;
			buildSettings = {
				CLANG_ENABLE_MODULES = YES;
				CODE_SIGN_STYLE = Automatic;
				DEFINES_MODULE = YES;
				DEVELOPMENT_TEAM = 486CCPNU3B;
				DYLIB_COMPATIBILITY_VERSION = 1;
				DYLIB_CURRENT_VERSION = 1;
				DYLIB_INSTALL_NAME_BASE = "@rpath";
				INFOPLIST_FILE = EssentialFeediOS/Info.plist;
				INSTALL_PATH = "$(LOCAL_LIBRARY_DIR)/Frameworks";
				IPHONEOS_DEPLOYMENT_TARGET = 14.0;
				LD_RUNPATH_SEARCH_PATHS = (
					"$(inherited)",
					"@executable_path/Frameworks",
					"@loader_path/Frameworks",
				);
				PRODUCT_BUNDLE_IDENTIFIER = me.vazquez.angel.EssentialFeediOS;
				PRODUCT_NAME = "$(TARGET_NAME:c99extidentifier)";
				SDKROOT = iphoneos;
				SKIP_INSTALL = YES;
				SWIFT_VERSION = 5.0;
				TARGETED_DEVICE_FAMILY = "1,2";
				VALIDATE_PRODUCT = YES;
			};
			name = Release;
		};
		FA29C8212569E581009594FB /* Debug */ = {
			isa = XCBuildConfiguration;
			buildSettings = {
				ALWAYS_EMBED_SWIFT_STANDARD_LIBRARIES = YES;
				CLANG_ENABLE_MODULES = YES;
				CODE_SIGN_STYLE = Automatic;
				DEVELOPMENT_TEAM = 486CCPNU3B;
				INFOPLIST_FILE = EssentialFeediOSTests/Info.plist;
				IPHONEOS_DEPLOYMENT_TARGET = 14.2;
				LD_RUNPATH_SEARCH_PATHS = (
					"$(inherited)",
					"@executable_path/Frameworks",
					"@loader_path/Frameworks",
				);
				PRODUCT_BUNDLE_IDENTIFIER = me.vazquez.angel.EssentialFeediOSTests;
				PRODUCT_NAME = "$(TARGET_NAME)";
				SDKROOT = iphoneos;
				SWIFT_OPTIMIZATION_LEVEL = "-Onone";
				SWIFT_VERSION = 5.0;
				TARGETED_DEVICE_FAMILY = "1,2";
			};
			name = Debug;
		};
		FA29C8222569E581009594FB /* Release */ = {
			isa = XCBuildConfiguration;
			buildSettings = {
				ALWAYS_EMBED_SWIFT_STANDARD_LIBRARIES = YES;
				CLANG_ENABLE_MODULES = YES;
				CODE_SIGN_STYLE = Automatic;
				DEVELOPMENT_TEAM = 486CCPNU3B;
				INFOPLIST_FILE = EssentialFeediOSTests/Info.plist;
				IPHONEOS_DEPLOYMENT_TARGET = 14.2;
				LD_RUNPATH_SEARCH_PATHS = (
					"$(inherited)",
					"@executable_path/Frameworks",
					"@loader_path/Frameworks",
				);
				PRODUCT_BUNDLE_IDENTIFIER = me.vazquez.angel.EssentialFeediOSTests;
				PRODUCT_NAME = "$(TARGET_NAME)";
				SDKROOT = iphoneos;
				SWIFT_VERSION = 5.0;
				TARGETED_DEVICE_FAMILY = "1,2";
				VALIDATE_PRODUCT = YES;
			};
			name = Release;
		};
		FA50A947252AD568005C33A2 /* Debug */ = {
			isa = XCBuildConfiguration;
			buildSettings = {
				ALWAYS_SEARCH_USER_PATHS = NO;
				CLANG_ANALYZER_LOCALIZABILITY_NONLOCALIZED = YES;
				CLANG_ANALYZER_NONNULL = YES;
				CLANG_ANALYZER_NUMBER_OBJECT_CONVERSION = YES_AGGRESSIVE;
				CLANG_CXX_LANGUAGE_STANDARD = "gnu++14";
				CLANG_CXX_LIBRARY = "libc++";
				CLANG_ENABLE_MODULES = YES;
				CLANG_ENABLE_OBJC_ARC = YES;
				CLANG_ENABLE_OBJC_WEAK = YES;
				CLANG_WARN_BLOCK_CAPTURE_AUTORELEASING = YES;
				CLANG_WARN_BOOL_CONVERSION = YES;
				CLANG_WARN_COMMA = YES;
				CLANG_WARN_CONSTANT_CONVERSION = YES;
				CLANG_WARN_DEPRECATED_OBJC_IMPLEMENTATIONS = YES;
				CLANG_WARN_DIRECT_OBJC_ISA_USAGE = YES_ERROR;
				CLANG_WARN_DOCUMENTATION_COMMENTS = YES;
				CLANG_WARN_EMPTY_BODY = YES;
				CLANG_WARN_ENUM_CONVERSION = YES;
				CLANG_WARN_INFINITE_RECURSION = YES;
				CLANG_WARN_INT_CONVERSION = YES;
				CLANG_WARN_NON_LITERAL_NULL_CONVERSION = YES;
				CLANG_WARN_OBJC_IMPLICIT_RETAIN_SELF = YES;
				CLANG_WARN_OBJC_LITERAL_CONVERSION = YES;
				CLANG_WARN_OBJC_ROOT_CLASS = YES_ERROR;
				CLANG_WARN_QUOTED_INCLUDE_IN_FRAMEWORK_HEADER = YES;
				CLANG_WARN_RANGE_LOOP_ANALYSIS = YES;
				CLANG_WARN_STRICT_PROTOTYPES = YES;
				CLANG_WARN_SUSPICIOUS_MOVE = YES;
				CLANG_WARN_UNGUARDED_AVAILABILITY = YES_AGGRESSIVE;
				CLANG_WARN_UNREACHABLE_CODE = YES;
				CLANG_WARN__DUPLICATE_METHOD_MATCH = YES;
				COPY_PHASE_STRIP = NO;
				CURRENT_PROJECT_VERSION = 1;
				DEBUG_INFORMATION_FORMAT = dwarf;
				ENABLE_STRICT_OBJC_MSGSEND = YES;
				ENABLE_TESTABILITY = YES;
				GCC_C_LANGUAGE_STANDARD = gnu11;
				GCC_DYNAMIC_NO_PIC = NO;
				GCC_NO_COMMON_BLOCKS = YES;
				GCC_OPTIMIZATION_LEVEL = 0;
				GCC_PREPROCESSOR_DEFINITIONS = (
					"DEBUG=1",
					"$(inherited)",
				);
				GCC_WARN_64_TO_32_BIT_CONVERSION = YES;
				GCC_WARN_ABOUT_RETURN_TYPE = YES_ERROR;
				GCC_WARN_UNDECLARED_SELECTOR = YES;
				GCC_WARN_UNINITIALIZED_AUTOS = YES_AGGRESSIVE;
				GCC_WARN_UNUSED_FUNCTION = YES;
				GCC_WARN_UNUSED_VARIABLE = YES;
				IPHONEOS_DEPLOYMENT_TARGET = 14.0;
				MACOSX_DEPLOYMENT_TARGET = 10.15;
				MTL_ENABLE_DEBUG_INFO = INCLUDE_SOURCE;
				MTL_FAST_MATH = YES;
				ONLY_ACTIVE_ARCH = YES;
				SDKROOT = macosx;
				SWIFT_ACTIVE_COMPILATION_CONDITIONS = DEBUG;
				SWIFT_OPTIMIZATION_LEVEL = "-Onone";
				VERSIONING_SYSTEM = "apple-generic";
				VERSION_INFO_PREFIX = "";
			};
			name = Debug;
		};
		FA50A948252AD568005C33A2 /* Release */ = {
			isa = XCBuildConfiguration;
			buildSettings = {
				ALWAYS_SEARCH_USER_PATHS = NO;
				CLANG_ANALYZER_LOCALIZABILITY_NONLOCALIZED = YES;
				CLANG_ANALYZER_NONNULL = YES;
				CLANG_ANALYZER_NUMBER_OBJECT_CONVERSION = YES_AGGRESSIVE;
				CLANG_CXX_LANGUAGE_STANDARD = "gnu++14";
				CLANG_CXX_LIBRARY = "libc++";
				CLANG_ENABLE_MODULES = YES;
				CLANG_ENABLE_OBJC_ARC = YES;
				CLANG_ENABLE_OBJC_WEAK = YES;
				CLANG_WARN_BLOCK_CAPTURE_AUTORELEASING = YES;
				CLANG_WARN_BOOL_CONVERSION = YES;
				CLANG_WARN_COMMA = YES;
				CLANG_WARN_CONSTANT_CONVERSION = YES;
				CLANG_WARN_DEPRECATED_OBJC_IMPLEMENTATIONS = YES;
				CLANG_WARN_DIRECT_OBJC_ISA_USAGE = YES_ERROR;
				CLANG_WARN_DOCUMENTATION_COMMENTS = YES;
				CLANG_WARN_EMPTY_BODY = YES;
				CLANG_WARN_ENUM_CONVERSION = YES;
				CLANG_WARN_INFINITE_RECURSION = YES;
				CLANG_WARN_INT_CONVERSION = YES;
				CLANG_WARN_NON_LITERAL_NULL_CONVERSION = YES;
				CLANG_WARN_OBJC_IMPLICIT_RETAIN_SELF = YES;
				CLANG_WARN_OBJC_LITERAL_CONVERSION = YES;
				CLANG_WARN_OBJC_ROOT_CLASS = YES_ERROR;
				CLANG_WARN_QUOTED_INCLUDE_IN_FRAMEWORK_HEADER = YES;
				CLANG_WARN_RANGE_LOOP_ANALYSIS = YES;
				CLANG_WARN_STRICT_PROTOTYPES = YES;
				CLANG_WARN_SUSPICIOUS_MOVE = YES;
				CLANG_WARN_UNGUARDED_AVAILABILITY = YES_AGGRESSIVE;
				CLANG_WARN_UNREACHABLE_CODE = YES;
				CLANG_WARN__DUPLICATE_METHOD_MATCH = YES;
				COPY_PHASE_STRIP = NO;
				CURRENT_PROJECT_VERSION = 1;
				DEBUG_INFORMATION_FORMAT = "dwarf-with-dsym";
				ENABLE_NS_ASSERTIONS = NO;
				ENABLE_STRICT_OBJC_MSGSEND = YES;
				GCC_C_LANGUAGE_STANDARD = gnu11;
				GCC_NO_COMMON_BLOCKS = YES;
				GCC_WARN_64_TO_32_BIT_CONVERSION = YES;
				GCC_WARN_ABOUT_RETURN_TYPE = YES_ERROR;
				GCC_WARN_UNDECLARED_SELECTOR = YES;
				GCC_WARN_UNINITIALIZED_AUTOS = YES_AGGRESSIVE;
				GCC_WARN_UNUSED_FUNCTION = YES;
				GCC_WARN_UNUSED_VARIABLE = YES;
				IPHONEOS_DEPLOYMENT_TARGET = 14.0;
				MACOSX_DEPLOYMENT_TARGET = 10.15;
				MTL_ENABLE_DEBUG_INFO = NO;
				MTL_FAST_MATH = YES;
				SDKROOT = macosx;
				SWIFT_COMPILATION_MODE = wholemodule;
				SWIFT_OPTIMIZATION_LEVEL = "-O";
				VERSIONING_SYSTEM = "apple-generic";
				VERSION_INFO_PREFIX = "";
			};
			name = Release;
		};
		FA50A94A252AD568005C33A2 /* Debug */ = {
			isa = XCBuildConfiguration;
			buildSettings = {
				CLANG_ENABLE_MODULES = YES;
				CODE_SIGN_STYLE = Automatic;
				COMBINE_HIDPI_IMAGES = YES;
				DEFINES_MODULE = YES;
				DEVELOPMENT_TEAM = 486CCPNU3B;
				DYLIB_COMPATIBILITY_VERSION = 1;
				DYLIB_CURRENT_VERSION = 1;
				DYLIB_INSTALL_NAME_BASE = "@rpath";
				INFOPLIST_FILE = EssentialFeed/Info.plist;
				INSTALL_PATH = "$(LOCAL_LIBRARY_DIR)/Frameworks";
				LD_RUNPATH_SEARCH_PATHS = (
					"$(inherited)",
					"@executable_path/../Frameworks",
					"@loader_path/Frameworks",
				);
				PRODUCT_BUNDLE_IDENTIFIER = me.vazquez.angel.EssentialFeed;
				PRODUCT_NAME = "$(TARGET_NAME:c99extidentifier)";
				SKIP_INSTALL = YES;
				SUPPORTED_PLATFORMS = "macosx iphoneos iphonesimulator";
				SWIFT_OPTIMIZATION_LEVEL = "-Onone";
				SWIFT_VERSION = 5.0;
			};
			name = Debug;
		};
		FA50A94B252AD568005C33A2 /* Release */ = {
			isa = XCBuildConfiguration;
			buildSettings = {
				CLANG_ENABLE_MODULES = YES;
				CODE_SIGN_STYLE = Automatic;
				COMBINE_HIDPI_IMAGES = YES;
				DEFINES_MODULE = YES;
				DEVELOPMENT_TEAM = 486CCPNU3B;
				DYLIB_COMPATIBILITY_VERSION = 1;
				DYLIB_CURRENT_VERSION = 1;
				DYLIB_INSTALL_NAME_BASE = "@rpath";
				INFOPLIST_FILE = EssentialFeed/Info.plist;
				INSTALL_PATH = "$(LOCAL_LIBRARY_DIR)/Frameworks";
				LD_RUNPATH_SEARCH_PATHS = (
					"$(inherited)",
					"@executable_path/../Frameworks",
					"@loader_path/Frameworks",
				);
				PRODUCT_BUNDLE_IDENTIFIER = me.vazquez.angel.EssentialFeed;
				PRODUCT_NAME = "$(TARGET_NAME:c99extidentifier)";
				SKIP_INSTALL = YES;
				SUPPORTED_PLATFORMS = "macosx iphoneos iphonesimulator";
				SWIFT_VERSION = 5.0;
			};
			name = Release;
		};
		FA50A94D252AD568005C33A2 /* Debug */ = {
			isa = XCBuildConfiguration;
			buildSettings = {
				ALWAYS_EMBED_SWIFT_STANDARD_LIBRARIES = YES;
				CLANG_ENABLE_MODULES = YES;
				CODE_SIGN_STYLE = Automatic;
				COMBINE_HIDPI_IMAGES = YES;
				DEVELOPMENT_TEAM = 486CCPNU3B;
				INFOPLIST_FILE = EssentialFeedTests/Info.plist;
				LD_RUNPATH_SEARCH_PATHS = (
					"$(inherited)",
					"@executable_path/../Frameworks",
					"@loader_path/../Frameworks",
				);
				PRODUCT_BUNDLE_IDENTIFIER = me.vazquez.angel.EssentialFeedTests;
				PRODUCT_NAME = "$(TARGET_NAME)";
				SUPPORTED_PLATFORMS = "macosx iphonesimulator iphoneos";
				SWIFT_OPTIMIZATION_LEVEL = "-Onone";
				SWIFT_VERSION = 5.0;
			};
			name = Debug;
		};
		FA50A94E252AD568005C33A2 /* Release */ = {
			isa = XCBuildConfiguration;
			buildSettings = {
				ALWAYS_EMBED_SWIFT_STANDARD_LIBRARIES = YES;
				CLANG_ENABLE_MODULES = YES;
				CODE_SIGN_STYLE = Automatic;
				COMBINE_HIDPI_IMAGES = YES;
				DEVELOPMENT_TEAM = 486CCPNU3B;
				INFOPLIST_FILE = EssentialFeedTests/Info.plist;
				LD_RUNPATH_SEARCH_PATHS = (
					"$(inherited)",
					"@executable_path/../Frameworks",
					"@loader_path/../Frameworks",
				);
				PRODUCT_BUNDLE_IDENTIFIER = me.vazquez.angel.EssentialFeedTests;
				PRODUCT_NAME = "$(TARGET_NAME)";
				SUPPORTED_PLATFORMS = "macosx iphonesimulator iphoneos";
				SWIFT_VERSION = 5.0;
			};
			name = Release;
		};
		FA5B0CE1253A6C0800075D95 /* Debug */ = {
			isa = XCBuildConfiguration;
			buildSettings = {
				CODE_SIGN_STYLE = Automatic;
				COMBINE_HIDPI_IMAGES = YES;
				DEVELOPMENT_TEAM = 486CCPNU3B;
				INFOPLIST_FILE = EssentialFeedAPIEndToEndTests/Info.plist;
				LD_RUNPATH_SEARCH_PATHS = (
					"$(inherited)",
					"@executable_path/../Frameworks",
					"@loader_path/../Frameworks",
				);
				PRODUCT_BUNDLE_IDENTIFIER = me.vazquez.angel.EssentialFeedAPIEndToEndTests;
				PRODUCT_NAME = "$(TARGET_NAME)";
				SUPPORTED_PLATFORMS = "macosx iphonesimulator iphoneos";
				SWIFT_VERSION = 5.0;
			};
			name = Debug;
		};
		FA5B0CE2253A6C0800075D95 /* Release */ = {
			isa = XCBuildConfiguration;
			buildSettings = {
				CODE_SIGN_STYLE = Automatic;
				COMBINE_HIDPI_IMAGES = YES;
				DEVELOPMENT_TEAM = 486CCPNU3B;
				INFOPLIST_FILE = EssentialFeedAPIEndToEndTests/Info.plist;
				LD_RUNPATH_SEARCH_PATHS = (
					"$(inherited)",
					"@executable_path/../Frameworks",
					"@loader_path/../Frameworks",
				);
				PRODUCT_BUNDLE_IDENTIFIER = me.vazquez.angel.EssentialFeedAPIEndToEndTests;
				PRODUCT_NAME = "$(TARGET_NAME)";
				SUPPORTED_PLATFORMS = "macosx iphonesimulator iphoneos";
				SWIFT_VERSION = 5.0;
			};
			name = Release;
		};
		FAC160B325630B1100B51517 /* Debug */ = {
			isa = XCBuildConfiguration;
			buildSettings = {
				CODE_SIGN_STYLE = Automatic;
				COMBINE_HIDPI_IMAGES = YES;
				DEVELOPMENT_TEAM = 486CCPNU3B;
				INFOPLIST_FILE = EssentialFeedCacheIntegrationTests/Info.plist;
				LD_RUNPATH_SEARCH_PATHS = (
					"$(inherited)",
					"@executable_path/../Frameworks",
					"@loader_path/../Frameworks",
				);
				PRODUCT_BUNDLE_IDENTIFIER = me.vazquez.angel.EssentialFeedCacheIntegrationTests;
				PRODUCT_NAME = "$(TARGET_NAME)";
				SUPPORTED_PLATFORMS = "macosx iphonesimulator iphoneos";
				SWIFT_VERSION = 5.0;
			};
			name = Debug;
		};
		FAC160B425630B1100B51517 /* Release */ = {
			isa = XCBuildConfiguration;
			buildSettings = {
				CODE_SIGN_STYLE = Automatic;
				COMBINE_HIDPI_IMAGES = YES;
				DEVELOPMENT_TEAM = 486CCPNU3B;
				INFOPLIST_FILE = EssentialFeedCacheIntegrationTests/Info.plist;
				LD_RUNPATH_SEARCH_PATHS = (
					"$(inherited)",
					"@executable_path/../Frameworks",
					"@loader_path/../Frameworks",
				);
				PRODUCT_BUNDLE_IDENTIFIER = me.vazquez.angel.EssentialFeedCacheIntegrationTests;
				PRODUCT_NAME = "$(TARGET_NAME)";
				SUPPORTED_PLATFORMS = "macosx iphonesimulator iphoneos";
				SWIFT_VERSION = 5.0;
			};
			name = Release;
		};
/* End XCBuildConfiguration section */

/* Begin XCConfigurationList section */
		FA29C81D2569E581009594FB /* Build configuration list for PBXNativeTarget "EssentialFeediOS" */ = {
			isa = XCConfigurationList;
			buildConfigurations = (
				FA29C81E2569E581009594FB /* Debug */,
				FA29C81F2569E581009594FB /* Release */,
			);
			defaultConfigurationIsVisible = 0;
			defaultConfigurationName = Release;
		};
		FA29C8202569E581009594FB /* Build configuration list for PBXNativeTarget "EssentialFeediOSTests" */ = {
			isa = XCConfigurationList;
			buildConfigurations = (
				FA29C8212569E581009594FB /* Debug */,
				FA29C8222569E581009594FB /* Release */,
			);
			defaultConfigurationIsVisible = 0;
			defaultConfigurationName = Release;
		};
		FA50A92F252AD568005C33A2 /* Build configuration list for PBXProject "EssentialFeed" */ = {
			isa = XCConfigurationList;
			buildConfigurations = (
				FA50A947252AD568005C33A2 /* Debug */,
				FA50A948252AD568005C33A2 /* Release */,
			);
			defaultConfigurationIsVisible = 0;
			defaultConfigurationName = Release;
		};
		FA50A949252AD568005C33A2 /* Build configuration list for PBXNativeTarget "EssentialFeed" */ = {
			isa = XCConfigurationList;
			buildConfigurations = (
				FA50A94A252AD568005C33A2 /* Debug */,
				FA50A94B252AD568005C33A2 /* Release */,
			);
			defaultConfigurationIsVisible = 0;
			defaultConfigurationName = Release;
		};
		FA50A94C252AD568005C33A2 /* Build configuration list for PBXNativeTarget "EssentialFeedTests" */ = {
			isa = XCConfigurationList;
			buildConfigurations = (
				FA50A94D252AD568005C33A2 /* Debug */,
				FA50A94E252AD568005C33A2 /* Release */,
			);
			defaultConfigurationIsVisible = 0;
			defaultConfigurationName = Release;
		};
		FA5B0CE3253A6C0800075D95 /* Build configuration list for PBXNativeTarget "EssentialFeedAPIEndToEndTests" */ = {
			isa = XCConfigurationList;
			buildConfigurations = (
				FA5B0CE1253A6C0800075D95 /* Debug */,
				FA5B0CE2253A6C0800075D95 /* Release */,
			);
			defaultConfigurationIsVisible = 0;
			defaultConfigurationName = Release;
		};
		FAC160B525630B1100B51517 /* Build configuration list for PBXNativeTarget "EssentialFeedCacheIntegrationTests" */ = {
			isa = XCConfigurationList;
			buildConfigurations = (
				FAC160B325630B1100B51517 /* Debug */,
				FAC160B425630B1100B51517 /* Release */,
			);
			defaultConfigurationIsVisible = 0;
			defaultConfigurationName = Release;
		};
/* End XCConfigurationList section */

/* Begin XCVersionGroup section */
		FACD3EF425970CA80003D0B4 /* FeedStore.xcdatamodeld */ = {
			isa = XCVersionGroup;
			children = (
				FA236814259AE36400AE2FC2 /* FeedStore2.xcdatamodel */,
				FACD3EF525970CA80003D0B4 /* FeedStore.xcdatamodel */,
			);
			currentVersion = FA236814259AE36400AE2FC2 /* FeedStore2.xcdatamodel */;
			path = FeedStore.xcdatamodeld;
			sourceTree = "<group>";
			versionGroupType = wrapper.xcdatamodel;
		};
/* End XCVersionGroup section */
	};
	rootObject = FA50A92C252AD568005C33A2 /* Project object */;
}
