// !$*UTF8*$!
{
	archiveVersion = 1;
	classes = {
	};
	objectVersion = 50;
	objects = {

/* Begin PBXBuildFile section */
		FA0630AD2546813A0089D667 /* RemoteFeedItem.swift in Sources */ = {isa = PBXBuildFile; fileRef = FA0630AC2546813A0089D667 /* RemoteFeedItem.swift */; };
		FA0630B22546819D0089D667 /* LocalFeedImage.swift in Sources */ = {isa = PBXBuildFile; fileRef = FA0630B12546819D0089D667 /* LocalFeedImage.swift */; };
		FA11F473255F8341004B288A /* CoreDataFeedStoreTests.swift in Sources */ = {isa = PBXBuildFile; fileRef = FA11F472255F8341004B288A /* CoreDataFeedStoreTests.swift */; };
		FA11F478255F842B004B288A /* CoreDataFeedStore.swift in Sources */ = {isa = PBXBuildFile; fileRef = FA11F477255F842B004B288A /* CoreDataFeedStore.swift */; };
		FA11F47F255F85A3004B288A /* FeedStore.xcdatamodeld in Sources */ = {isa = PBXBuildFile; fileRef = FA11F47D255F85A3004B288A /* FeedStore.xcdatamodeld */; };
		FA1783A625381A2F000BBD32 /* URLSessionHTTPClient.swift in Sources */ = {isa = PBXBuildFile; fileRef = FA1783A525381A2F000BBD32 /* URLSessionHTTPClient.swift */; };
		FA1BD91E25354A4C00823540 /* URLSessionHTTPClientTests.swift in Sources */ = {isa = PBXBuildFile; fileRef = FA1BD91D25354A4C00823540 /* URLSessionHTTPClientTests.swift */; };
		FA29C8152569E581009594FB /* EssentialFeediOS.framework in Frameworks */ = {isa = PBXBuildFile; fileRef = FA29C80C2569E580009594FB /* EssentialFeediOS.framework */; };
		FA2DF84B2545439900EDE5C0 /* LocalFeedLoader.swift in Sources */ = {isa = PBXBuildFile; fileRef = FA2DF84A2545439900EDE5C0 /* LocalFeedLoader.swift */; };
		FA2DF8532545440600EDE5C0 /* FeedStore.swift in Sources */ = {isa = PBXBuildFile; fileRef = FA2DF8522545440600EDE5C0 /* FeedStore.swift */; };
		FA38919D2548F9EA007575BC /* LoadFeedFromCacheUseCaseTests.swift in Sources */ = {isa = PBXBuildFile; fileRef = FA38919C2548F9EA007575BC /* LoadFeedFromCacheUseCaseTests.swift */; };
		FA3891A32548FB8B007575BC /* FeedStoreSpy.swift in Sources */ = {isa = PBXBuildFile; fileRef = FA3891A22548FB8B007575BC /* FeedStoreSpy.swift */; };
		FA50A93F252AD568005C33A2 /* EssentialFeed.framework in Frameworks */ = {isa = PBXBuildFile; fileRef = FA50A935252AD568005C33A2 /* EssentialFeed.framework */; };
		FA50A954252AD598005C33A2 /* FeedImage.swift in Sources */ = {isa = PBXBuildFile; fileRef = FA50A953252AD598005C33A2 /* FeedImage.swift */; };
		FA50A958252AD5EE005C33A2 /* FeedLoader.swift in Sources */ = {isa = PBXBuildFile; fileRef = FA50A957252AD5EE005C33A2 /* FeedLoader.swift */; };
		FA54A101254D53A8003777FA /* ValidateFeedCacheUseCaseTests.swift in Sources */ = {isa = PBXBuildFile; fileRef = FA54A100254D53A8003777FA /* ValidateFeedCacheUseCaseTests.swift */; };
		FA54A106254D5660003777FA /* FeedCacheTestHelpers.swift in Sources */ = {isa = PBXBuildFile; fileRef = FA54A105254D5660003777FA /* FeedCacheTestHelpers.swift */; };
		FA54A10B254D575E003777FA /* SharedTestHelpers.swift in Sources */ = {isa = PBXBuildFile; fileRef = FA54A10A254D575E003777FA /* SharedTestHelpers.swift */; };
		FA5B0CDC253A6C0800075D95 /* EssentialFeedAPIEndToEndTests.swift in Sources */ = {isa = PBXBuildFile; fileRef = FA5B0CDB253A6C0800075D95 /* EssentialFeedAPIEndToEndTests.swift */; };
		FA5B0CDE253A6C0800075D95 /* EssentialFeed.framework in Frameworks */ = {isa = PBXBuildFile; fileRef = FA50A935252AD568005C33A2 /* EssentialFeed.framework */; };
		FA5B0CE7253A72F000075D95 /* XCTestCase+MemoryLeakTracking.swift in Sources */ = {isa = PBXBuildFile; fileRef = FAA703ED253802A300483E5C /* XCTestCase+MemoryLeakTracking.swift */; };
		FA607EE1255790E50056B5B2 /* FeedStoreSpecs.swift in Sources */ = {isa = PBXBuildFile; fileRef = FA607EE0255790E50056B5B2 /* FeedStoreSpecs.swift */; };
		FA607EE6255791650056B5B2 /* XCTestCase+FeedStoreSpecs.swift in Sources */ = {isa = PBXBuildFile; fileRef = FA607EE5255791650056B5B2 /* XCTestCase+FeedStoreSpecs.swift */; };
		FA68B325256AFE5B0070EDC2 /* FeedViewControllerTests.swift in Sources */ = {isa = PBXBuildFile; fileRef = FA68B324256AFE5B0070EDC2 /* FeedViewControllerTests.swift */; };
		FA72EDBF252C1CF5006B18D6 /* LoadFeedFromRemoteUseCaseTests.swift in Sources */ = {isa = PBXBuildFile; fileRef = FA72EDBE252C1CF5006B18D6 /* LoadFeedFromRemoteUseCaseTests.swift */; };
		FA79F7CA254E6F7300F798A9 /* FeedCachePolicy.swift in Sources */ = {isa = PBXBuildFile; fileRef = FA79F7C9254E6F7300F798A9 /* FeedCachePolicy.swift */; };
		FA8B34CF2530202800C16B64 /* HTTPClient.swift in Sources */ = {isa = PBXBuildFile; fileRef = FA8B34CE2530202800C16B64 /* HTTPClient.swift */; };
		FA8B34D32530208300C16B64 /* FeedItemsMapper.swift in Sources */ = {isa = PBXBuildFile; fileRef = FA8B34D22530208300C16B64 /* FeedItemsMapper.swift */; };
		FAA703EE253802A300483E5C /* XCTestCase+MemoryLeakTracking.swift in Sources */ = {isa = PBXBuildFile; fileRef = FAA703ED253802A300483E5C /* XCTestCase+MemoryLeakTracking.swift */; };
		FAAD898A2560DC4800E2BDC4 /* CoreDataHelpers.swift in Sources */ = {isa = PBXBuildFile; fileRef = FAAD89892560DC4800E2BDC4 /* CoreDataHelpers.swift */; };
		FAAD898F2560DCC300E2BDC4 /* ManagedCache.swift in Sources */ = {isa = PBXBuildFile; fileRef = FAAD898E2560DCC300E2BDC4 /* ManagedCache.swift */; };
		FAAD89942560DCCB00E2BDC4 /* ManagedFeedImage.swift in Sources */ = {isa = PBXBuildFile; fileRef = FAAD89932560DCCB00E2BDC4 /* ManagedFeedImage.swift */; };
		FAB36EC22543B16F00A72D4B /* FeedCacheUseCaseTests.swift in Sources */ = {isa = PBXBuildFile; fileRef = FAB36EC12543B16F00A72D4B /* FeedCacheUseCaseTests.swift */; };
		FAB46BE1252D7D8200D42054 /* RemoteFeedLoader.swift in Sources */ = {isa = PBXBuildFile; fileRef = FAB46BE0252D7D8200D42054 /* RemoteFeedLoader.swift */; };
		FAB5D09025743E7C008FF57F /* FeedRefreshViewController.swift in Sources */ = {isa = PBXBuildFile; fileRef = FAB5D08F25743E7C008FF57F /* FeedRefreshViewController.swift */; };
		FAB5D0982574442C008FF57F /* FeedImageCellController.swift in Sources */ = {isa = PBXBuildFile; fileRef = FAB5D0972574442C008FF57F /* FeedImageCellController.swift */; };
		FAB5D0A12574545D008FF57F /* FeedUIComposer.swift in Sources */ = {isa = PBXBuildFile; fileRef = FAB5D0A02574545D008FF57F /* FeedUIComposer.swift */; };
		FAB70D39256B025300884570 /* EssentialFeed.framework in Frameworks */ = {isa = PBXBuildFile; fileRef = FA50A935252AD568005C33A2 /* EssentialFeed.framework */; };
		FAB70D40256B030000884570 /* XCTestCase+MemoryLeakTracking.swift in Sources */ = {isa = PBXBuildFile; fileRef = FAA703ED253802A300483E5C /* XCTestCase+MemoryLeakTracking.swift */; };
		FAB70D48256B0CBB00884570 /* FeedViewController.swift in Sources */ = {isa = PBXBuildFile; fileRef = FAB70D47256B0CBB00884570 /* FeedViewController.swift */; };
		FAB9B812256F73D3007D4A61 /* UIView+Shimmering.swift in Sources */ = {isa = PBXBuildFile; fileRef = FAB9B811256F73D3007D4A61 /* UIView+Shimmering.swift */; };
		FAC160AE25630B1100B51517 /* EssentialFeedCacheIntegrationTests.swift in Sources */ = {isa = PBXBuildFile; fileRef = FAC160AD25630B1100B51517 /* EssentialFeedCacheIntegrationTests.swift */; };
		FAC160B025630B1100B51517 /* EssentialFeed.framework in Frameworks */ = {isa = PBXBuildFile; fileRef = FA50A935252AD568005C33A2 /* EssentialFeed.framework */; };
		FAC160BA25630DE000B51517 /* XCTestCase+MemoryLeakTracking.swift in Sources */ = {isa = PBXBuildFile; fileRef = FAA703ED253802A300483E5C /* XCTestCase+MemoryLeakTracking.swift */; };
		FAC160BF2563111800B51517 /* FeedCacheTestHelpers.swift in Sources */ = {isa = PBXBuildFile; fileRef = FA54A105254D5660003777FA /* FeedCacheTestHelpers.swift */; };
		FAC160C42563113C00B51517 /* SharedTestHelpers.swift in Sources */ = {isa = PBXBuildFile; fileRef = FA54A10A254D575E003777FA /* SharedTestHelpers.swift */; };
		FAC1BDB3257436150051CF7C /* UIImage+TestHelpers.swift in Sources */ = {isa = PBXBuildFile; fileRef = FAC1BDB2257436150051CF7C /* UIImage+TestHelpers.swift */; };
		FAC1BDC12574369B0051CF7C /* UIRefreshControl+TestHelpers.swift in Sources */ = {isa = PBXBuildFile; fileRef = FAC1BDC02574369B0051CF7C /* UIRefreshControl+TestHelpers.swift */; };
		FAC1BDCF257436D30051CF7C /* UIButton+TestHelpers.swift in Sources */ = {isa = PBXBuildFile; fileRef = FAC1BDCE257436D30051CF7C /* UIButton+TestHelpers.swift */; };
		FAC1BDDD257437450051CF7C /* UIControl+TestHelpers.swift in Sources */ = {isa = PBXBuildFile; fileRef = FAC1BDDC257437450051CF7C /* UIControl+TestHelpers.swift */; };
		FAC1BDEF257438680051CF7C /* FeedViewController+TestHelpers.swift in Sources */ = {isa = PBXBuildFile; fileRef = FAC1BDEE257438680051CF7C /* FeedViewController+TestHelpers.swift */; };
		FAC1BDFD257438E60051CF7C /* FeedImageCell+TestHelpers.swift in Sources */ = {isa = PBXBuildFile; fileRef = FAC1BDFC257438E60051CF7C /* FeedImageCell+TestHelpers.swift */; };
		FAC1BE052574393F0051CF7C /* FeedViewControllerTests+LoaderSpy.swift in Sources */ = {isa = PBXBuildFile; fileRef = FAC1BE042574393F0051CF7C /* FeedViewControllerTests+LoaderSpy.swift */; };
		FAC1BE0D2574399A0051CF7C /* FeedViewControllerTests+Assertions.swift in Sources */ = {isa = PBXBuildFile; fileRef = FAC1BE0C2574399A0051CF7C /* FeedViewControllerTests+Assertions.swift */; };
		FAC1BE2125743BC00051CF7C /* FeedImageDataLoader.swift in Sources */ = {isa = PBXBuildFile; fileRef = FAC1BE2025743BC00051CF7C /* FeedImageDataLoader.swift */; };
		FAED3EC3256CBE9300F3CD5E /* FeedImageCell.swift in Sources */ = {isa = PBXBuildFile; fileRef = FAED3EC2256CBE9300F3CD5E /* FeedImageCell.swift */; };
/* End PBXBuildFile section */

/* Begin PBXContainerItemProxy section */
		FA29C8162569E581009594FB /* PBXContainerItemProxy */ = {
			isa = PBXContainerItemProxy;
			containerPortal = FA50A92C252AD568005C33A2 /* Project object */;
			proxyType = 1;
			remoteGlobalIDString = FA29C80B2569E580009594FB;
			remoteInfo = EssentialFeediOS;
		};
		FA50A940252AD568005C33A2 /* PBXContainerItemProxy */ = {
			isa = PBXContainerItemProxy;
			containerPortal = FA50A92C252AD568005C33A2 /* Project object */;
			proxyType = 1;
			remoteGlobalIDString = FA50A934252AD568005C33A2;
			remoteInfo = EssentialFeed;
		};
		FA5B0CDF253A6C0800075D95 /* PBXContainerItemProxy */ = {
			isa = PBXContainerItemProxy;
			containerPortal = FA50A92C252AD568005C33A2 /* Project object */;
			proxyType = 1;
			remoteGlobalIDString = FA50A934252AD568005C33A2;
			remoteInfo = EssentialFeed;
		};
		FAC160B125630B1100B51517 /* PBXContainerItemProxy */ = {
			isa = PBXContainerItemProxy;
			containerPortal = FA50A92C252AD568005C33A2 /* Project object */;
			proxyType = 1;
			remoteGlobalIDString = FA50A934252AD568005C33A2;
			remoteInfo = EssentialFeed;
		};
/* End PBXContainerItemProxy section */

/* Begin PBXFileReference section */
		FA0630AC2546813A0089D667 /* RemoteFeedItem.swift */ = {isa = PBXFileReference; lastKnownFileType = sourcecode.swift; path = RemoteFeedItem.swift; sourceTree = "<group>"; };
		FA0630B12546819D0089D667 /* LocalFeedImage.swift */ = {isa = PBXFileReference; lastKnownFileType = sourcecode.swift; path = LocalFeedImage.swift; sourceTree = "<group>"; };
		FA11F472255F8341004B288A /* CoreDataFeedStoreTests.swift */ = {isa = PBXFileReference; lastKnownFileType = sourcecode.swift; path = CoreDataFeedStoreTests.swift; sourceTree = "<group>"; };
		FA11F477255F842B004B288A /* CoreDataFeedStore.swift */ = {isa = PBXFileReference; lastKnownFileType = sourcecode.swift; path = CoreDataFeedStore.swift; sourceTree = "<group>"; };
		FA11F47E255F85A3004B288A /* FeedStore.xcdatamodel */ = {isa = PBXFileReference; lastKnownFileType = wrapper.xcdatamodel; path = FeedStore.xcdatamodel; sourceTree = "<group>"; };
		FA1783A525381A2F000BBD32 /* URLSessionHTTPClient.swift */ = {isa = PBXFileReference; lastKnownFileType = sourcecode.swift; path = URLSessionHTTPClient.swift; sourceTree = "<group>"; };
		FA1BD91D25354A4C00823540 /* URLSessionHTTPClientTests.swift */ = {isa = PBXFileReference; lastKnownFileType = sourcecode.swift; path = URLSessionHTTPClientTests.swift; sourceTree = "<group>"; };
		FA29C80C2569E580009594FB /* EssentialFeediOS.framework */ = {isa = PBXFileReference; explicitFileType = wrapper.framework; includeInIndex = 0; path = EssentialFeediOS.framework; sourceTree = BUILT_PRODUCTS_DIR; };
		FA29C80F2569E580009594FB /* Info.plist */ = {isa = PBXFileReference; lastKnownFileType = text.plist.xml; path = Info.plist; sourceTree = "<group>"; };
		FA29C8142569E581009594FB /* EssentialFeediOSTests.xctest */ = {isa = PBXFileReference; explicitFileType = wrapper.cfbundle; includeInIndex = 0; path = EssentialFeediOSTests.xctest; sourceTree = BUILT_PRODUCTS_DIR; };
		FA29C81B2569E581009594FB /* Info.plist */ = {isa = PBXFileReference; lastKnownFileType = text.plist.xml; path = Info.plist; sourceTree = "<group>"; };
		FA2DF84A2545439900EDE5C0 /* LocalFeedLoader.swift */ = {isa = PBXFileReference; lastKnownFileType = sourcecode.swift; path = LocalFeedLoader.swift; sourceTree = "<group>"; };
		FA2DF8522545440600EDE5C0 /* FeedStore.swift */ = {isa = PBXFileReference; lastKnownFileType = sourcecode.swift; path = FeedStore.swift; sourceTree = "<group>"; };
		FA38919C2548F9EA007575BC /* LoadFeedFromCacheUseCaseTests.swift */ = {isa = PBXFileReference; lastKnownFileType = sourcecode.swift; path = LoadFeedFromCacheUseCaseTests.swift; sourceTree = "<group>"; };
		FA3891A22548FB8B007575BC /* FeedStoreSpy.swift */ = {isa = PBXFileReference; lastKnownFileType = sourcecode.swift; path = FeedStoreSpy.swift; sourceTree = "<group>"; };
		FA50A935252AD568005C33A2 /* EssentialFeed.framework */ = {isa = PBXFileReference; explicitFileType = wrapper.framework; includeInIndex = 0; path = EssentialFeed.framework; sourceTree = BUILT_PRODUCTS_DIR; };
		FA50A939252AD568005C33A2 /* Info.plist */ = {isa = PBXFileReference; lastKnownFileType = text.plist.xml; path = Info.plist; sourceTree = "<group>"; };
		FA50A93E252AD568005C33A2 /* EssentialFeedTests.xctest */ = {isa = PBXFileReference; explicitFileType = wrapper.cfbundle; includeInIndex = 0; path = EssentialFeedTests.xctest; sourceTree = BUILT_PRODUCTS_DIR; };
		FA50A945252AD568005C33A2 /* Info.plist */ = {isa = PBXFileReference; lastKnownFileType = text.plist.xml; path = Info.plist; sourceTree = "<group>"; };
		FA50A953252AD598005C33A2 /* FeedImage.swift */ = {isa = PBXFileReference; lastKnownFileType = sourcecode.swift; path = FeedImage.swift; sourceTree = "<group>"; };
		FA50A957252AD5EE005C33A2 /* FeedLoader.swift */ = {isa = PBXFileReference; lastKnownFileType = sourcecode.swift; path = FeedLoader.swift; sourceTree = "<group>"; };
		FA54A100254D53A8003777FA /* ValidateFeedCacheUseCaseTests.swift */ = {isa = PBXFileReference; lastKnownFileType = sourcecode.swift; path = ValidateFeedCacheUseCaseTests.swift; sourceTree = "<group>"; };
		FA54A105254D5660003777FA /* FeedCacheTestHelpers.swift */ = {isa = PBXFileReference; lastKnownFileType = sourcecode.swift; path = FeedCacheTestHelpers.swift; sourceTree = "<group>"; };
		FA54A10A254D575E003777FA /* SharedTestHelpers.swift */ = {isa = PBXFileReference; lastKnownFileType = sourcecode.swift; path = SharedTestHelpers.swift; sourceTree = "<group>"; };
		FA5B0CD9253A6C0800075D95 /* EssentialFeedAPIEndToEndTests.xctest */ = {isa = PBXFileReference; explicitFileType = wrapper.cfbundle; includeInIndex = 0; path = EssentialFeedAPIEndToEndTests.xctest; sourceTree = BUILT_PRODUCTS_DIR; };
		FA5B0CDB253A6C0800075D95 /* EssentialFeedAPIEndToEndTests.swift */ = {isa = PBXFileReference; lastKnownFileType = sourcecode.swift; path = EssentialFeedAPIEndToEndTests.swift; sourceTree = "<group>"; };
		FA5B0CDD253A6C0800075D95 /* Info.plist */ = {isa = PBXFileReference; lastKnownFileType = text.plist.xml; path = Info.plist; sourceTree = "<group>"; };
		FA607EE0255790E50056B5B2 /* FeedStoreSpecs.swift */ = {isa = PBXFileReference; lastKnownFileType = sourcecode.swift; path = FeedStoreSpecs.swift; sourceTree = "<group>"; };
		FA607EE5255791650056B5B2 /* XCTestCase+FeedStoreSpecs.swift */ = {isa = PBXFileReference; lastKnownFileType = sourcecode.swift; path = "XCTestCase+FeedStoreSpecs.swift"; sourceTree = "<group>"; };
		FA68B324256AFE5B0070EDC2 /* FeedViewControllerTests.swift */ = {isa = PBXFileReference; lastKnownFileType = sourcecode.swift; path = FeedViewControllerTests.swift; sourceTree = "<group>"; };
		FA72EDBE252C1CF5006B18D6 /* LoadFeedFromRemoteUseCaseTests.swift */ = {isa = PBXFileReference; lastKnownFileType = sourcecode.swift; path = LoadFeedFromRemoteUseCaseTests.swift; sourceTree = "<group>"; };
		FA79F7C9254E6F7300F798A9 /* FeedCachePolicy.swift */ = {isa = PBXFileReference; lastKnownFileType = sourcecode.swift; path = FeedCachePolicy.swift; sourceTree = "<group>"; };
		FA8B34CE2530202800C16B64 /* HTTPClient.swift */ = {isa = PBXFileReference; lastKnownFileType = sourcecode.swift; path = HTTPClient.swift; sourceTree = "<group>"; };
		FA8B34D22530208300C16B64 /* FeedItemsMapper.swift */ = {isa = PBXFileReference; lastKnownFileType = sourcecode.swift; path = FeedItemsMapper.swift; sourceTree = "<group>"; };
		FAA703ED253802A300483E5C /* XCTestCase+MemoryLeakTracking.swift */ = {isa = PBXFileReference; lastKnownFileType = sourcecode.swift; path = "XCTestCase+MemoryLeakTracking.swift"; sourceTree = "<group>"; };
		FAAD89892560DC4800E2BDC4 /* CoreDataHelpers.swift */ = {isa = PBXFileReference; lastKnownFileType = sourcecode.swift; path = CoreDataHelpers.swift; sourceTree = "<group>"; };
		FAAD898E2560DCC300E2BDC4 /* ManagedCache.swift */ = {isa = PBXFileReference; lastKnownFileType = sourcecode.swift; path = ManagedCache.swift; sourceTree = "<group>"; };
		FAAD89932560DCCB00E2BDC4 /* ManagedFeedImage.swift */ = {isa = PBXFileReference; lastKnownFileType = sourcecode.swift; path = ManagedFeedImage.swift; sourceTree = "<group>"; };
		FAB36EC12543B16F00A72D4B /* FeedCacheUseCaseTests.swift */ = {isa = PBXFileReference; lastKnownFileType = sourcecode.swift; path = FeedCacheUseCaseTests.swift; sourceTree = "<group>"; };
		FAB46BE0252D7D8200D42054 /* RemoteFeedLoader.swift */ = {isa = PBXFileReference; lastKnownFileType = sourcecode.swift; path = RemoteFeedLoader.swift; sourceTree = "<group>"; };
		FAB5D08F25743E7C008FF57F /* FeedRefreshViewController.swift */ = {isa = PBXFileReference; lastKnownFileType = sourcecode.swift; path = FeedRefreshViewController.swift; sourceTree = "<group>"; };
		FAB5D0972574442C008FF57F /* FeedImageCellController.swift */ = {isa = PBXFileReference; lastKnownFileType = sourcecode.swift; path = FeedImageCellController.swift; sourceTree = "<group>"; };
		FAB5D0A02574545D008FF57F /* FeedUIComposer.swift */ = {isa = PBXFileReference; lastKnownFileType = sourcecode.swift; path = FeedUIComposer.swift; sourceTree = "<group>"; };
		FAB70D47256B0CBB00884570 /* FeedViewController.swift */ = {isa = PBXFileReference; lastKnownFileType = sourcecode.swift; path = FeedViewController.swift; sourceTree = "<group>"; };
		FAB9B811256F73D3007D4A61 /* UIView+Shimmering.swift */ = {isa = PBXFileReference; lastKnownFileType = sourcecode.swift; path = "UIView+Shimmering.swift"; sourceTree = "<group>"; };
		FAC160AB25630B1100B51517 /* EssentialFeedCacheIntegrationTests.xctest */ = {isa = PBXFileReference; explicitFileType = wrapper.cfbundle; includeInIndex = 0; path = EssentialFeedCacheIntegrationTests.xctest; sourceTree = BUILT_PRODUCTS_DIR; };
		FAC160AD25630B1100B51517 /* EssentialFeedCacheIntegrationTests.swift */ = {isa = PBXFileReference; lastKnownFileType = sourcecode.swift; path = EssentialFeedCacheIntegrationTests.swift; sourceTree = "<group>"; };
		FAC160AF25630B1100B51517 /* Info.plist */ = {isa = PBXFileReference; lastKnownFileType = text.plist.xml; path = Info.plist; sourceTree = "<group>"; };
		FAC1BDB2257436150051CF7C /* UIImage+TestHelpers.swift */ = {isa = PBXFileReference; lastKnownFileType = sourcecode.swift; path = "UIImage+TestHelpers.swift"; sourceTree = "<group>"; };
		FAC1BDC02574369B0051CF7C /* UIRefreshControl+TestHelpers.swift */ = {isa = PBXFileReference; lastKnownFileType = sourcecode.swift; path = "UIRefreshControl+TestHelpers.swift"; sourceTree = "<group>"; };
		FAC1BDCE257436D30051CF7C /* UIButton+TestHelpers.swift */ = {isa = PBXFileReference; lastKnownFileType = sourcecode.swift; path = "UIButton+TestHelpers.swift"; sourceTree = "<group>"; };
		FAC1BDDC257437450051CF7C /* UIControl+TestHelpers.swift */ = {isa = PBXFileReference; lastKnownFileType = sourcecode.swift; path = "UIControl+TestHelpers.swift"; sourceTree = "<group>"; };
		FAC1BDEE257438680051CF7C /* FeedViewController+TestHelpers.swift */ = {isa = PBXFileReference; lastKnownFileType = sourcecode.swift; path = "FeedViewController+TestHelpers.swift"; sourceTree = "<group>"; };
		FAC1BDFC257438E60051CF7C /* FeedImageCell+TestHelpers.swift */ = {isa = PBXFileReference; lastKnownFileType = sourcecode.swift; path = "FeedImageCell+TestHelpers.swift"; sourceTree = "<group>"; };
		FAC1BE042574393F0051CF7C /* FeedViewControllerTests+LoaderSpy.swift */ = {isa = PBXFileReference; lastKnownFileType = sourcecode.swift; path = "FeedViewControllerTests+LoaderSpy.swift"; sourceTree = "<group>"; };
		FAC1BE0C2574399A0051CF7C /* FeedViewControllerTests+Assertions.swift */ = {isa = PBXFileReference; lastKnownFileType = sourcecode.swift; path = "FeedViewControllerTests+Assertions.swift"; sourceTree = "<group>"; };
		FAC1BE2025743BC00051CF7C /* FeedImageDataLoader.swift */ = {isa = PBXFileReference; lastKnownFileType = sourcecode.swift; path = FeedImageDataLoader.swift; sourceTree = "<group>"; };
		FAED3EC2256CBE9300F3CD5E /* FeedImageCell.swift */ = {isa = PBXFileReference; lastKnownFileType = sourcecode.swift; path = FeedImageCell.swift; sourceTree = "<group>"; };
/* End PBXFileReference section */

/* Begin PBXFrameworksBuildPhase section */
		FA29C8092569E580009594FB /* Frameworks */ = {
			isa = PBXFrameworksBuildPhase;
			buildActionMask = 2147483647;
			files = (
				FAB70D39256B025300884570 /* EssentialFeed.framework in Frameworks */,
			);
			runOnlyForDeploymentPostprocessing = 0;
		};
		FA29C8112569E581009594FB /* Frameworks */ = {
			isa = PBXFrameworksBuildPhase;
			buildActionMask = 2147483647;
			files = (
				FA29C8152569E581009594FB /* EssentialFeediOS.framework in Frameworks */,
			);
			runOnlyForDeploymentPostprocessing = 0;
		};
		FA50A932252AD568005C33A2 /* Frameworks */ = {
			isa = PBXFrameworksBuildPhase;
			buildActionMask = 2147483647;
			files = (
			);
			runOnlyForDeploymentPostprocessing = 0;
		};
		FA50A93B252AD568005C33A2 /* Frameworks */ = {
			isa = PBXFrameworksBuildPhase;
			buildActionMask = 2147483647;
			files = (
				FA50A93F252AD568005C33A2 /* EssentialFeed.framework in Frameworks */,
			);
			runOnlyForDeploymentPostprocessing = 0;
		};
		FA5B0CD6253A6C0800075D95 /* Frameworks */ = {
			isa = PBXFrameworksBuildPhase;
			buildActionMask = 2147483647;
			files = (
				FA5B0CDE253A6C0800075D95 /* EssentialFeed.framework in Frameworks */,
			);
			runOnlyForDeploymentPostprocessing = 0;
		};
		FAC160A825630B1100B51517 /* Frameworks */ = {
			isa = PBXFrameworksBuildPhase;
			buildActionMask = 2147483647;
			files = (
				FAC160B025630B1100B51517 /* EssentialFeed.framework in Frameworks */,
			);
			runOnlyForDeploymentPostprocessing = 0;
		};
/* End PBXFrameworksBuildPhase section */

/* Begin PBXGroup section */
		FA11F47C255F8589004B288A /* CoreData */ = {
			isa = PBXGroup;
			children = (
				FA11F477255F842B004B288A /* CoreDataFeedStore.swift */,
				FAAD89892560DC4800E2BDC4 /* CoreDataHelpers.swift */,
				FAAD898E2560DCC300E2BDC4 /* ManagedCache.swift */,
				FAAD89932560DCCB00E2BDC4 /* ManagedFeedImage.swift */,
				FA11F47D255F85A3004B288A /* FeedStore.xcdatamodeld */,
			);
			name = CoreData;
			path = ..;
			sourceTree = "<group>";
		};
		FA29C80D2569E580009594FB /* EssentialFeediOS */ = {
			isa = PBXGroup;
			children = (
				FA29C80F2569E580009594FB /* Info.plist */,
				FAC1BE1F25743BAE0051CF7C /* Feed Image Loader */,
				FAC1BE1D25743B5D0051CF7C /* FeedUI */,
			);
			path = EssentialFeediOS;
			sourceTree = "<group>";
		};
		FA29C8182569E581009594FB /* EssentialFeediOSTests */ = {
			isa = PBXGroup;
			children = (
				FA29C81B2569E581009594FB /* Info.plist */,
				FAC1BDB1257435F80051CF7C /* Helpers */,
				FAC1BE1E25743B6C0051CF7C /* FeedUI */,
			);
			path = EssentialFeediOSTests;
			sourceTree = "<group>";
		};
		FA2DF8492545438C00EDE5C0 /* FeedCache */ = {
			isa = PBXGroup;
			children = (
				FA2DF84A2545439900EDE5C0 /* LocalFeedLoader.swift */,
				FA2DF8522545440600EDE5C0 /* FeedStore.swift */,
				FA0630B12546819D0089D667 /* LocalFeedImage.swift */,
				FA79F7C9254E6F7300F798A9 /* FeedCachePolicy.swift */,
				FAAD89812560DBC900E2BDC4 /* Infrastructure */,
			);
			path = FeedCache;
			sourceTree = "<group>";
		};
		FA3891A12548FB7B007575BC /* Helpers */ = {
			isa = PBXGroup;
			children = (
				FA3891A22548FB8B007575BC /* FeedStoreSpy.swift */,
				FA54A105254D5660003777FA /* FeedCacheTestHelpers.swift */,
			);
			path = Helpers;
			sourceTree = "<group>";
		};
		FA50A92B252AD568005C33A2 = {
			isa = PBXGroup;
			children = (
				FA50A937252AD568005C33A2 /* EssentialFeed */,
				FA50A942252AD568005C33A2 /* EssentialFeedTests */,
				FA5B0CDA253A6C0800075D95 /* EssentialFeedAPIEndToEndTests */,
				FAC160AC25630B1100B51517 /* EssentialFeedCacheIntegrationTests */,
				FA29C80D2569E580009594FB /* EssentialFeediOS */,
				FA29C8182569E581009594FB /* EssentialFeediOSTests */,
				FA50A936252AD568005C33A2 /* Products */,
				FAB70D38256B025300884570 /* Frameworks */,
			);
			sourceTree = "<group>";
		};
		FA50A936252AD568005C33A2 /* Products */ = {
			isa = PBXGroup;
			children = (
				FA50A935252AD568005C33A2 /* EssentialFeed.framework */,
				FA50A93E252AD568005C33A2 /* EssentialFeedTests.xctest */,
				FA5B0CD9253A6C0800075D95 /* EssentialFeedAPIEndToEndTests.xctest */,
				FAC160AB25630B1100B51517 /* EssentialFeedCacheIntegrationTests.xctest */,
				FA29C80C2569E580009594FB /* EssentialFeediOS.framework */,
				FA29C8142569E581009594FB /* EssentialFeediOSTests.xctest */,
			);
			name = Products;
			sourceTree = "<group>";
		};
		FA50A937252AD568005C33A2 /* EssentialFeed */ = {
			isa = PBXGroup;
			children = (
				FA50A939252AD568005C33A2 /* Info.plist */,
				FA2DF8492545438C00EDE5C0 /* FeedCache */,
				FA8B34DB2530211900C16B64 /* Feed Feature */,
				FA8B34DA2530210200C16B64 /* Feed API */,
			);
			path = EssentialFeed;
			sourceTree = "<group>";
		};
		FA50A942252AD568005C33A2 /* EssentialFeedTests */ = {
			isa = PBXGroup;
			children = (
				FA50A945252AD568005C33A2 /* Info.plist */,
				FAA703EC2538028E00483E5C /* Helpers */,
				FAB36EC02543B15500A72D4B /* Feed Cache */,
				FA99135825302BDA00732789 /* Feed API */,
			);
			path = EssentialFeedTests;
			sourceTree = "<group>";
		};
		FA5B0CDA253A6C0800075D95 /* EssentialFeedAPIEndToEndTests */ = {
			isa = PBXGroup;
			children = (
				FA5B0CDB253A6C0800075D95 /* EssentialFeedAPIEndToEndTests.swift */,
				FA5B0CDD253A6C0800075D95 /* Info.plist */,
			);
			path = EssentialFeedAPIEndToEndTests;
			sourceTree = "<group>";
		};
		FA8B34DA2530210200C16B64 /* Feed API */ = {
			isa = PBXGroup;
			children = (
				FAB46BE0252D7D8200D42054 /* RemoteFeedLoader.swift */,
				FA8B34D22530208300C16B64 /* FeedItemsMapper.swift */,
				FA0630AC2546813A0089D667 /* RemoteFeedItem.swift */,
				FA8B34CE2530202800C16B64 /* HTTPClient.swift */,
				FA1783A525381A2F000BBD32 /* URLSessionHTTPClient.swift */,
			);
			path = "Feed API";
			sourceTree = "<group>";
		};
		FA8B34DB2530211900C16B64 /* Feed Feature */ = {
			isa = PBXGroup;
			children = (
				FA50A953252AD598005C33A2 /* FeedImage.swift */,
				FA50A957252AD5EE005C33A2 /* FeedLoader.swift */,
			);
			path = "Feed Feature";
			sourceTree = "<group>";
		};
		FA99135825302BDA00732789 /* Feed API */ = {
			isa = PBXGroup;
			children = (
				FA72EDBE252C1CF5006B18D6 /* LoadFeedFromRemoteUseCaseTests.swift */,
				FA1BD91D25354A4C00823540 /* URLSessionHTTPClientTests.swift */,
			);
			path = "Feed API";
			sourceTree = "<group>";
		};
		FAA703EC2538028E00483E5C /* Helpers */ = {
			isa = PBXGroup;
			children = (
				FAA703ED253802A300483E5C /* XCTestCase+MemoryLeakTracking.swift */,
				FA54A10A254D575E003777FA /* SharedTestHelpers.swift */,
			);
			path = Helpers;
			sourceTree = "<group>";
		};
		FAAD89812560DBC900E2BDC4 /* Infrastructure */ = {
			isa = PBXGroup;
			children = (
				FA11F47C255F8589004B288A /* CoreData */,
			);
			path = Infrastructure;
			sourceTree = "<group>";
		};
		FAB36EC02543B15500A72D4B /* Feed Cache */ = {
			isa = PBXGroup;
			children = (
				FA3891A12548FB7B007575BC /* Helpers */,
				FAB36EC12543B16F00A72D4B /* FeedCacheUseCaseTests.swift */,
				FA38919C2548F9EA007575BC /* LoadFeedFromCacheUseCaseTests.swift */,
				FA54A100254D53A8003777FA /* ValidateFeedCacheUseCaseTests.swift */,
				FA607EE5255791650056B5B2 /* XCTestCase+FeedStoreSpecs.swift */,
				FA607EE0255790E50056B5B2 /* FeedStoreSpecs.swift */,
				FA11F472255F8341004B288A /* CoreDataFeedStoreTests.swift */,
			);
			path = "Feed Cache";
			sourceTree = "<group>";
		};
		FAB5D09F25745456008FF57F /* Composers */ = {
			isa = PBXGroup;
			children = (
				FAB5D0A02574545D008FF57F /* FeedUIComposer.swift */,
			);
			path = Composers;
			sourceTree = "<group>";
		};
		FAB70D38256B025300884570 /* Frameworks */ = {
			isa = PBXGroup;
			children = (
			);
			name = Frameworks;
			sourceTree = "<group>";
		};
		FAC160AC25630B1100B51517 /* EssentialFeedCacheIntegrationTests */ = {
			isa = PBXGroup;
			children = (
				FAC160AD25630B1100B51517 /* EssentialFeedCacheIntegrationTests.swift */,
				FAC160AF25630B1100B51517 /* Info.plist */,
			);
			path = EssentialFeedCacheIntegrationTests;
			sourceTree = "<group>";
		};
		FAC1BDB1257435F80051CF7C /* Helpers */ = {
			isa = PBXGroup;
			children = (
				FAC1BDB2257436150051CF7C /* UIImage+TestHelpers.swift */,
				FAC1BDC02574369B0051CF7C /* UIRefreshControl+TestHelpers.swift */,
				FAC1BDCE257436D30051CF7C /* UIButton+TestHelpers.swift */,
				FAC1BDDC257437450051CF7C /* UIControl+TestHelpers.swift */,
			);
			path = Helpers;
			sourceTree = "<group>";
		};
		FAC1BDE4257437BD0051CF7C /* Controllers */ = {
			isa = PBXGroup;
			children = (
				FAB70D47256B0CBB00884570 /* FeedViewController.swift */,
				FAB5D0972574442C008FF57F /* FeedImageCellController.swift */,
				FAB5D08F25743E7C008FF57F /* FeedRefreshViewController.swift */,
			);
			path = Controllers;
			sourceTree = "<group>";
		};
		FAC1BDE5257437C10051CF7C /* Views */ = {
			isa = PBXGroup;
			children = (
				FAED3EC2256CBE9300F3CD5E /* FeedImageCell.swift */,
				FAB9B811256F73D3007D4A61 /* UIView+Shimmering.swift */,
			);
			path = Views;
			sourceTree = "<group>";
		};
		FAC1BDE6257437D60051CF7C /* Controllers */ = {
			isa = PBXGroup;
			children = (
				FAC1BDED2574384C0051CF7C /* Helpers */,
				FA68B324256AFE5B0070EDC2 /* FeedViewControllerTests.swift */,
			);
			path = Controllers;
			sourceTree = "<group>";
		};
		FAC1BDED2574384C0051CF7C /* Helpers */ = {
			isa = PBXGroup;
			children = (
				FAC1BDEE257438680051CF7C /* FeedViewController+TestHelpers.swift */,
				FAC1BDFC257438E60051CF7C /* FeedImageCell+TestHelpers.swift */,
				FAC1BE042574393F0051CF7C /* FeedViewControllerTests+LoaderSpy.swift */,
				FAC1BE0C2574399A0051CF7C /* FeedViewControllerTests+Assertions.swift */,
			);
			path = Helpers;
			sourceTree = "<group>";
		};
		FAC1BE1D25743B5D0051CF7C /* FeedUI */ = {
			isa = PBXGroup;
			children = (
				FAB5D09F25745456008FF57F /* Composers */,
				FAC1BDE4257437BD0051CF7C /* Controllers */,
				FAC1BDE5257437C10051CF7C /* Views */,
			);
			path = FeedUI;
			sourceTree = "<group>";
		};
		FAC1BE1E25743B6C0051CF7C /* FeedUI */ = {
			isa = PBXGroup;
			children = (
				FAC1BDE6257437D60051CF7C /* Controllers */,
			);
			path = FeedUI;
			sourceTree = "<group>";
		};
		FAC1BE1F25743BAE0051CF7C /* Feed Image Loader */ = {
			isa = PBXGroup;
			children = (
				FAC1BE2025743BC00051CF7C /* FeedImageDataLoader.swift */,
			);
			path = "Feed Image Loader";
			sourceTree = "<group>";
		};
/* End PBXGroup section */

/* Begin PBXHeadersBuildPhase section */
		FA29C8072569E580009594FB /* Headers */ = {
			isa = PBXHeadersBuildPhase;
			buildActionMask = 2147483647;
			files = (
			);
			runOnlyForDeploymentPostprocessing = 0;
		};
		FA50A930252AD568005C33A2 /* Headers */ = {
			isa = PBXHeadersBuildPhase;
			buildActionMask = 2147483647;
			files = (
			);
			runOnlyForDeploymentPostprocessing = 0;
		};
/* End PBXHeadersBuildPhase section */

/* Begin PBXNativeTarget section */
		FA29C80B2569E580009594FB /* EssentialFeediOS */ = {
			isa = PBXNativeTarget;
			buildConfigurationList = FA29C81D2569E581009594FB /* Build configuration list for PBXNativeTarget "EssentialFeediOS" */;
			buildPhases = (
				FA29C8072569E580009594FB /* Headers */,
				FA29C8082569E580009594FB /* Sources */,
				FA29C8092569E580009594FB /* Frameworks */,
				FA29C80A2569E580009594FB /* Resources */,
			);
			buildRules = (
			);
			dependencies = (
			);
			name = EssentialFeediOS;
			productName = EssentialFeediOS;
			productReference = FA29C80C2569E580009594FB /* EssentialFeediOS.framework */;
			productType = "com.apple.product-type.framework";
		};
		FA29C8132569E581009594FB /* EssentialFeediOSTests */ = {
			isa = PBXNativeTarget;
			buildConfigurationList = FA29C8202569E581009594FB /* Build configuration list for PBXNativeTarget "EssentialFeediOSTests" */;
			buildPhases = (
				FA29C8102569E581009594FB /* Sources */,
				FA29C8112569E581009594FB /* Frameworks */,
				FA29C8122569E581009594FB /* Resources */,
			);
			buildRules = (
			);
			dependencies = (
				FA29C8172569E581009594FB /* PBXTargetDependency */,
			);
			name = EssentialFeediOSTests;
			productName = EssentialFeediOSTests;
			productReference = FA29C8142569E581009594FB /* EssentialFeediOSTests.xctest */;
			productType = "com.apple.product-type.bundle.unit-test";
		};
		FA50A934252AD568005C33A2 /* EssentialFeed */ = {
			isa = PBXNativeTarget;
			buildConfigurationList = FA50A949252AD568005C33A2 /* Build configuration list for PBXNativeTarget "EssentialFeed" */;
			buildPhases = (
				FA50A930252AD568005C33A2 /* Headers */,
				FA50A931252AD568005C33A2 /* Sources */,
				FA50A932252AD568005C33A2 /* Frameworks */,
				FA50A933252AD568005C33A2 /* Resources */,
			);
			buildRules = (
			);
			dependencies = (
			);
			name = EssentialFeed;
			productName = EssentialFeed;
			productReference = FA50A935252AD568005C33A2 /* EssentialFeed.framework */;
			productType = "com.apple.product-type.framework";
		};
		FA50A93D252AD568005C33A2 /* EssentialFeedTests */ = {
			isa = PBXNativeTarget;
			buildConfigurationList = FA50A94C252AD568005C33A2 /* Build configuration list for PBXNativeTarget "EssentialFeedTests" */;
			buildPhases = (
				FA50A93A252AD568005C33A2 /* Sources */,
				FA50A93B252AD568005C33A2 /* Frameworks */,
				FA50A93C252AD568005C33A2 /* Resources */,
			);
			buildRules = (
			);
			dependencies = (
				FA50A941252AD568005C33A2 /* PBXTargetDependency */,
			);
			name = EssentialFeedTests;
			productName = EssentialFeedTests;
			productReference = FA50A93E252AD568005C33A2 /* EssentialFeedTests.xctest */;
			productType = "com.apple.product-type.bundle.unit-test";
		};
		FA5B0CD8253A6C0800075D95 /* EssentialFeedAPIEndToEndTests */ = {
			isa = PBXNativeTarget;
			buildConfigurationList = FA5B0CE3253A6C0800075D95 /* Build configuration list for PBXNativeTarget "EssentialFeedAPIEndToEndTests" */;
			buildPhases = (
				FA5B0CD5253A6C0800075D95 /* Sources */,
				FA5B0CD6253A6C0800075D95 /* Frameworks */,
				FA5B0CD7253A6C0800075D95 /* Resources */,
			);
			buildRules = (
			);
			dependencies = (
				FA5B0CE0253A6C0800075D95 /* PBXTargetDependency */,
			);
			name = EssentialFeedAPIEndToEndTests;
			productName = EssentialFeedAPIEndToEndTests;
			productReference = FA5B0CD9253A6C0800075D95 /* EssentialFeedAPIEndToEndTests.xctest */;
			productType = "com.apple.product-type.bundle.unit-test";
		};
		FAC160AA25630B1100B51517 /* EssentialFeedCacheIntegrationTests */ = {
			isa = PBXNativeTarget;
			buildConfigurationList = FAC160B525630B1100B51517 /* Build configuration list for PBXNativeTarget "EssentialFeedCacheIntegrationTests" */;
			buildPhases = (
				FAC160A725630B1100B51517 /* Sources */,
				FAC160A825630B1100B51517 /* Frameworks */,
				FAC160A925630B1100B51517 /* Resources */,
			);
			buildRules = (
			);
			dependencies = (
				FAC160B225630B1100B51517 /* PBXTargetDependency */,
			);
			name = EssentialFeedCacheIntegrationTests;
			productName = EssentialFeedCacheIntegrationTests;
			productReference = FAC160AB25630B1100B51517 /* EssentialFeedCacheIntegrationTests.xctest */;
			productType = "com.apple.product-type.bundle.unit-test";
		};
/* End PBXNativeTarget section */

/* Begin PBXProject section */
		FA50A92C252AD568005C33A2 /* Project object */ = {
			isa = PBXProject;
			attributes = {
				LastSwiftUpdateCheck = 1220;
				LastUpgradeCheck = 1200;
				TargetAttributes = {
					FA29C80B2569E580009594FB = {
						CreatedOnToolsVersion = 12.2;
						LastSwiftMigration = 1220;
					};
					FA29C8132569E581009594FB = {
						CreatedOnToolsVersion = 12.2;
						LastSwiftMigration = 1220;
					};
					FA50A934252AD568005C33A2 = {
						CreatedOnToolsVersion = 12.0.1;
						LastSwiftMigration = 1200;
					};
					FA50A93D252AD568005C33A2 = {
						CreatedOnToolsVersion = 12.0.1;
						LastSwiftMigration = 1200;
					};
					FA5B0CD8253A6C0800075D95 = {
						CreatedOnToolsVersion = 12.0.1;
					};
					FAC160AA25630B1100B51517 = {
						CreatedOnToolsVersion = 12.2;
					};
				};
			};
			buildConfigurationList = FA50A92F252AD568005C33A2 /* Build configuration list for PBXProject "EssentialFeed" */;
			compatibilityVersion = "Xcode 9.3";
			developmentRegion = en;
			hasScannedForEncodings = 0;
			knownRegions = (
				en,
				Base,
			);
			mainGroup = FA50A92B252AD568005C33A2;
			productRefGroup = FA50A936252AD568005C33A2 /* Products */;
			projectDirPath = "";
			projectRoot = "";
			targets = (
				FA50A934252AD568005C33A2 /* EssentialFeed */,
				FA50A93D252AD568005C33A2 /* EssentialFeedTests */,
				FA5B0CD8253A6C0800075D95 /* EssentialFeedAPIEndToEndTests */,
				FAC160AA25630B1100B51517 /* EssentialFeedCacheIntegrationTests */,
				FA29C80B2569E580009594FB /* EssentialFeediOS */,
				FA29C8132569E581009594FB /* EssentialFeediOSTests */,
			);
		};
/* End PBXProject section */

/* Begin PBXResourcesBuildPhase section */
		FA29C80A2569E580009594FB /* Resources */ = {
			isa = PBXResourcesBuildPhase;
			buildActionMask = 2147483647;
			files = (
			);
			runOnlyForDeploymentPostprocessing = 0;
		};
		FA29C8122569E581009594FB /* Resources */ = {
			isa = PBXResourcesBuildPhase;
			buildActionMask = 2147483647;
			files = (
			);
			runOnlyForDeploymentPostprocessing = 0;
		};
		FA50A933252AD568005C33A2 /* Resources */ = {
			isa = PBXResourcesBuildPhase;
			buildActionMask = 2147483647;
			files = (
			);
			runOnlyForDeploymentPostprocessing = 0;
		};
		FA50A93C252AD568005C33A2 /* Resources */ = {
			isa = PBXResourcesBuildPhase;
			buildActionMask = 2147483647;
			files = (
			);
			runOnlyForDeploymentPostprocessing = 0;
		};
		FA5B0CD7253A6C0800075D95 /* Resources */ = {
			isa = PBXResourcesBuildPhase;
			buildActionMask = 2147483647;
			files = (
			);
			runOnlyForDeploymentPostprocessing = 0;
		};
		FAC160A925630B1100B51517 /* Resources */ = {
			isa = PBXResourcesBuildPhase;
			buildActionMask = 2147483647;
			files = (
			);
			runOnlyForDeploymentPostprocessing = 0;
		};
/* End PBXResourcesBuildPhase section */

/* Begin PBXSourcesBuildPhase section */
		FA29C8082569E580009594FB /* Sources */ = {
			isa = PBXSourcesBuildPhase;
			buildActionMask = 2147483647;
			files = (
				FAC1BE2125743BC00051CF7C /* FeedImageDataLoader.swift in Sources */,
				FAB5D09025743E7C008FF57F /* FeedRefreshViewController.swift in Sources */,
				FAB9B812256F73D3007D4A61 /* UIView+Shimmering.swift in Sources */,
				FAB70D48256B0CBB00884570 /* FeedViewController.swift in Sources */,
				FAED3EC3256CBE9300F3CD5E /* FeedImageCell.swift in Sources */,
				FAB5D0982574442C008FF57F /* FeedImageCellController.swift in Sources */,
				FAB5D0A12574545D008FF57F /* FeedUIComposer.swift in Sources */,
			);
			runOnlyForDeploymentPostprocessing = 0;
		};
		FA29C8102569E581009594FB /* Sources */ = {
			isa = PBXSourcesBuildPhase;
			buildActionMask = 2147483647;
			files = (
				FA68B325256AFE5B0070EDC2 /* FeedViewControllerTests.swift in Sources */,
				FAC1BE0D2574399A0051CF7C /* FeedViewControllerTests+Assertions.swift in Sources */,
				FAC1BDC12574369B0051CF7C /* UIRefreshControl+TestHelpers.swift in Sources */,
				FAB70D40256B030000884570 /* XCTestCase+MemoryLeakTracking.swift in Sources */,
				FAC1BDDD257437450051CF7C /* UIControl+TestHelpers.swift in Sources */,
				FAC1BE052574393F0051CF7C /* FeedViewControllerTests+LoaderSpy.swift in Sources */,
				FAC1BDEF257438680051CF7C /* FeedViewController+TestHelpers.swift in Sources */,
				FAC1BDB3257436150051CF7C /* UIImage+TestHelpers.swift in Sources */,
				FAC1BDCF257436D30051CF7C /* UIButton+TestHelpers.swift in Sources */,
				FAC1BDFD257438E60051CF7C /* FeedImageCell+TestHelpers.swift in Sources */,
			);
			runOnlyForDeploymentPostprocessing = 0;
		};
		FA50A931252AD568005C33A2 /* Sources */ = {
			isa = PBXSourcesBuildPhase;
			buildActionMask = 2147483647;
			files = (
				FAAD898A2560DC4800E2BDC4 /* CoreDataHelpers.swift in Sources */,
				FA8B34D32530208300C16B64 /* FeedItemsMapper.swift in Sources */,
				FA50A958252AD5EE005C33A2 /* FeedLoader.swift in Sources */,
				FA0630AD2546813A0089D667 /* RemoteFeedItem.swift in Sources */,
				FA79F7CA254E6F7300F798A9 /* FeedCachePolicy.swift in Sources */,
				FAB46BE1252D7D8200D42054 /* RemoteFeedLoader.swift in Sources */,
				FA11F47F255F85A3004B288A /* FeedStore.xcdatamodeld in Sources */,
				FA0630B22546819D0089D667 /* LocalFeedImage.swift in Sources */,
				FA2DF8532545440600EDE5C0 /* FeedStore.swift in Sources */,
				FA2DF84B2545439900EDE5C0 /* LocalFeedLoader.swift in Sources */,
				FA8B34CF2530202800C16B64 /* HTTPClient.swift in Sources */,
				FA50A954252AD598005C33A2 /* FeedImage.swift in Sources */,
				FA1783A625381A2F000BBD32 /* URLSessionHTTPClient.swift in Sources */,
				FAAD898F2560DCC300E2BDC4 /* ManagedCache.swift in Sources */,
				FA11F478255F842B004B288A /* CoreDataFeedStore.swift in Sources */,
				FAAD89942560DCCB00E2BDC4 /* ManagedFeedImage.swift in Sources */,
			);
			runOnlyForDeploymentPostprocessing = 0;
		};
		FA50A93A252AD568005C33A2 /* Sources */ = {
			isa = PBXSourcesBuildPhase;
			buildActionMask = 2147483647;
			files = (
				FA11F473255F8341004B288A /* CoreDataFeedStoreTests.swift in Sources */,
				FA54A106254D5660003777FA /* FeedCacheTestHelpers.swift in Sources */,
				FA54A101254D53A8003777FA /* ValidateFeedCacheUseCaseTests.swift in Sources */,
				FA72EDBF252C1CF5006B18D6 /* LoadFeedFromRemoteUseCaseTests.swift in Sources */,
				FA1BD91E25354A4C00823540 /* URLSessionHTTPClientTests.swift in Sources */,
				FA3891A32548FB8B007575BC /* FeedStoreSpy.swift in Sources */,
				FA54A10B254D575E003777FA /* SharedTestHelpers.swift in Sources */,
				FAB36EC22543B16F00A72D4B /* FeedCacheUseCaseTests.swift in Sources */,
				FA38919D2548F9EA007575BC /* LoadFeedFromCacheUseCaseTests.swift in Sources */,
				FA607EE1255790E50056B5B2 /* FeedStoreSpecs.swift in Sources */,
				FAA703EE253802A300483E5C /* XCTestCase+MemoryLeakTracking.swift in Sources */,
				FA607EE6255791650056B5B2 /* XCTestCase+FeedStoreSpecs.swift in Sources */,
			);
			runOnlyForDeploymentPostprocessing = 0;
		};
		FA5B0CD5253A6C0800075D95 /* Sources */ = {
			isa = PBXSourcesBuildPhase;
			buildActionMask = 2147483647;
			files = (
				FA5B0CDC253A6C0800075D95 /* EssentialFeedAPIEndToEndTests.swift in Sources */,
				FA5B0CE7253A72F000075D95 /* XCTestCase+MemoryLeakTracking.swift in Sources */,
			);
			runOnlyForDeploymentPostprocessing = 0;
		};
		FAC160A725630B1100B51517 /* Sources */ = {
			isa = PBXSourcesBuildPhase;
			buildActionMask = 2147483647;
			files = (
				FAC160C42563113C00B51517 /* SharedTestHelpers.swift in Sources */,
				FAC160AE25630B1100B51517 /* EssentialFeedCacheIntegrationTests.swift in Sources */,
				FAC160BF2563111800B51517 /* FeedCacheTestHelpers.swift in Sources */,
				FAC160BA25630DE000B51517 /* XCTestCase+MemoryLeakTracking.swift in Sources */,
			);
			runOnlyForDeploymentPostprocessing = 0;
		};
/* End PBXSourcesBuildPhase section */

/* Begin PBXTargetDependency section */
		FA29C8172569E581009594FB /* PBXTargetDependency */ = {
			isa = PBXTargetDependency;
			target = FA29C80B2569E580009594FB /* EssentialFeediOS */;
			targetProxy = FA29C8162569E581009594FB /* PBXContainerItemProxy */;
		};
		FA50A941252AD568005C33A2 /* PBXTargetDependency */ = {
			isa = PBXTargetDependency;
			target = FA50A934252AD568005C33A2 /* EssentialFeed */;
			targetProxy = FA50A940252AD568005C33A2 /* PBXContainerItemProxy */;
		};
		FA5B0CE0253A6C0800075D95 /* PBXTargetDependency */ = {
			isa = PBXTargetDependency;
			target = FA50A934252AD568005C33A2 /* EssentialFeed */;
			targetProxy = FA5B0CDF253A6C0800075D95 /* PBXContainerItemProxy */;
		};
		FAC160B225630B1100B51517 /* PBXTargetDependency */ = {
			isa = PBXTargetDependency;
			target = FA50A934252AD568005C33A2 /* EssentialFeed */;
			targetProxy = FAC160B125630B1100B51517 /* PBXContainerItemProxy */;
		};
/* End PBXTargetDependency section */

/* Begin XCBuildConfiguration section */
		FA29C81E2569E581009594FB /* Debug */ = {
			isa = XCBuildConfiguration;
			buildSettings = {
				CLANG_ENABLE_MODULES = YES;
				CODE_SIGN_STYLE = Automatic;
				DEFINES_MODULE = YES;
				DEVELOPMENT_TEAM = 486CCPNU3B;
				DYLIB_COMPATIBILITY_VERSION = 1;
				DYLIB_CURRENT_VERSION = 1;
				DYLIB_INSTALL_NAME_BASE = "@rpath";
				INFOPLIST_FILE = EssentialFeediOS/Info.plist;
				INSTALL_PATH = "$(LOCAL_LIBRARY_DIR)/Frameworks";
				IPHONEOS_DEPLOYMENT_TARGET = 14.2;
				LD_RUNPATH_SEARCH_PATHS = (
					"$(inherited)",
					"@executable_path/Frameworks",
					"@loader_path/Frameworks",
				);
				PRODUCT_BUNDLE_IDENTIFIER = me.vazquez.angel.EssentialFeediOS;
				PRODUCT_NAME = "$(TARGET_NAME:c99extidentifier)";
				SDKROOT = iphoneos;
				SKIP_INSTALL = YES;
				SWIFT_OPTIMIZATION_LEVEL = "-Onone";
				SWIFT_VERSION = 5.0;
				TARGETED_DEVICE_FAMILY = "1,2";
			};
			name = Debug;
		};
		FA29C81F2569E581009594FB /* Release */ = {
			isa = XCBuildConfiguration;
			buildSettings = {
				CLANG_ENABLE_MODULES = YES;
				CODE_SIGN_STYLE = Automatic;
				DEFINES_MODULE = YES;
				DEVELOPMENT_TEAM = 486CCPNU3B;
				DYLIB_COMPATIBILITY_VERSION = 1;
				DYLIB_CURRENT_VERSION = 1;
				DYLIB_INSTALL_NAME_BASE = "@rpath";
				INFOPLIST_FILE = EssentialFeediOS/Info.plist;
				INSTALL_PATH = "$(LOCAL_LIBRARY_DIR)/Frameworks";
				IPHONEOS_DEPLOYMENT_TARGET = 14.2;
				LD_RUNPATH_SEARCH_PATHS = (
					"$(inherited)",
					"@executable_path/Frameworks",
					"@loader_path/Frameworks",
				);
				PRODUCT_BUNDLE_IDENTIFIER = me.vazquez.angel.EssentialFeediOS;
				PRODUCT_NAME = "$(TARGET_NAME:c99extidentifier)";
				SDKROOT = iphoneos;
				SKIP_INSTALL = YES;
				SWIFT_VERSION = 5.0;
				TARGETED_DEVICE_FAMILY = "1,2";
				VALIDATE_PRODUCT = YES;
			};
			name = Release;
		};
		FA29C8212569E581009594FB /* Debug */ = {
			isa = XCBuildConfiguration;
			buildSettings = {
				ALWAYS_EMBED_SWIFT_STANDARD_LIBRARIES = YES;
				CLANG_ENABLE_MODULES = YES;
				CODE_SIGN_STYLE = Automatic;
				DEVELOPMENT_TEAM = 486CCPNU3B;
				INFOPLIST_FILE = EssentialFeediOSTests/Info.plist;
				IPHONEOS_DEPLOYMENT_TARGET = 14.2;
				LD_RUNPATH_SEARCH_PATHS = (
					"$(inherited)",
					"@executable_path/Frameworks",
					"@loader_path/Frameworks",
				);
				PRODUCT_BUNDLE_IDENTIFIER = me.vazquez.angel.EssentialFeediOSTests;
				PRODUCT_NAME = "$(TARGET_NAME)";
				SDKROOT = iphoneos;
				SWIFT_OPTIMIZATION_LEVEL = "-Onone";
				SWIFT_VERSION = 5.0;
				TARGETED_DEVICE_FAMILY = "1,2";
			};
			name = Debug;
		};
		FA29C8222569E581009594FB /* Release */ = {
			isa = XCBuildConfiguration;
			buildSettings = {
				ALWAYS_EMBED_SWIFT_STANDARD_LIBRARIES = YES;
				CLANG_ENABLE_MODULES = YES;
				CODE_SIGN_STYLE = Automatic;
				DEVELOPMENT_TEAM = 486CCPNU3B;
				INFOPLIST_FILE = EssentialFeediOSTests/Info.plist;
				IPHONEOS_DEPLOYMENT_TARGET = 14.2;
				LD_RUNPATH_SEARCH_PATHS = (
					"$(inherited)",
					"@executable_path/Frameworks",
					"@loader_path/Frameworks",
				);
				PRODUCT_BUNDLE_IDENTIFIER = me.vazquez.angel.EssentialFeediOSTests;
				PRODUCT_NAME = "$(TARGET_NAME)";
				SDKROOT = iphoneos;
				SWIFT_VERSION = 5.0;
				TARGETED_DEVICE_FAMILY = "1,2";
				VALIDATE_PRODUCT = YES;
			};
			name = Release;
		};
		FA50A947252AD568005C33A2 /* Debug */ = {
			isa = XCBuildConfiguration;
			buildSettings = {
				ALWAYS_SEARCH_USER_PATHS = NO;
				CLANG_ANALYZER_NONNULL = YES;
				CLANG_ANALYZER_NUMBER_OBJECT_CONVERSION = YES_AGGRESSIVE;
				CLANG_CXX_LANGUAGE_STANDARD = "gnu++14";
				CLANG_CXX_LIBRARY = "libc++";
				CLANG_ENABLE_MODULES = YES;
				CLANG_ENABLE_OBJC_ARC = YES;
				CLANG_ENABLE_OBJC_WEAK = YES;
				CLANG_WARN_BLOCK_CAPTURE_AUTORELEASING = YES;
				CLANG_WARN_BOOL_CONVERSION = YES;
				CLANG_WARN_COMMA = YES;
				CLANG_WARN_CONSTANT_CONVERSION = YES;
				CLANG_WARN_DEPRECATED_OBJC_IMPLEMENTATIONS = YES;
				CLANG_WARN_DIRECT_OBJC_ISA_USAGE = YES_ERROR;
				CLANG_WARN_DOCUMENTATION_COMMENTS = YES;
				CLANG_WARN_EMPTY_BODY = YES;
				CLANG_WARN_ENUM_CONVERSION = YES;
				CLANG_WARN_INFINITE_RECURSION = YES;
				CLANG_WARN_INT_CONVERSION = YES;
				CLANG_WARN_NON_LITERAL_NULL_CONVERSION = YES;
				CLANG_WARN_OBJC_IMPLICIT_RETAIN_SELF = YES;
				CLANG_WARN_OBJC_LITERAL_CONVERSION = YES;
				CLANG_WARN_OBJC_ROOT_CLASS = YES_ERROR;
				CLANG_WARN_QUOTED_INCLUDE_IN_FRAMEWORK_HEADER = YES;
				CLANG_WARN_RANGE_LOOP_ANALYSIS = YES;
				CLANG_WARN_STRICT_PROTOTYPES = YES;
				CLANG_WARN_SUSPICIOUS_MOVE = YES;
				CLANG_WARN_UNGUARDED_AVAILABILITY = YES_AGGRESSIVE;
				CLANG_WARN_UNREACHABLE_CODE = YES;
				CLANG_WARN__DUPLICATE_METHOD_MATCH = YES;
				COPY_PHASE_STRIP = NO;
				CURRENT_PROJECT_VERSION = 1;
				DEBUG_INFORMATION_FORMAT = dwarf;
				ENABLE_STRICT_OBJC_MSGSEND = YES;
				ENABLE_TESTABILITY = YES;
				GCC_C_LANGUAGE_STANDARD = gnu11;
				GCC_DYNAMIC_NO_PIC = NO;
				GCC_NO_COMMON_BLOCKS = YES;
				GCC_OPTIMIZATION_LEVEL = 0;
				GCC_PREPROCESSOR_DEFINITIONS = (
					"DEBUG=1",
					"$(inherited)",
				);
				GCC_WARN_64_TO_32_BIT_CONVERSION = YES;
				GCC_WARN_ABOUT_RETURN_TYPE = YES_ERROR;
				GCC_WARN_UNDECLARED_SELECTOR = YES;
				GCC_WARN_UNINITIALIZED_AUTOS = YES_AGGRESSIVE;
				GCC_WARN_UNUSED_FUNCTION = YES;
				GCC_WARN_UNUSED_VARIABLE = YES;
				MACOSX_DEPLOYMENT_TARGET = 10.15;
				MTL_ENABLE_DEBUG_INFO = INCLUDE_SOURCE;
				MTL_FAST_MATH = YES;
				ONLY_ACTIVE_ARCH = YES;
				SDKROOT = macosx;
				SWIFT_ACTIVE_COMPILATION_CONDITIONS = DEBUG;
				SWIFT_OPTIMIZATION_LEVEL = "-Onone";
				VERSIONING_SYSTEM = "apple-generic";
				VERSION_INFO_PREFIX = "";
			};
			name = Debug;
		};
		FA50A948252AD568005C33A2 /* Release */ = {
			isa = XCBuildConfiguration;
			buildSettings = {
				ALWAYS_SEARCH_USER_PATHS = NO;
				CLANG_ANALYZER_NONNULL = YES;
				CLANG_ANALYZER_NUMBER_OBJECT_CONVERSION = YES_AGGRESSIVE;
				CLANG_CXX_LANGUAGE_STANDARD = "gnu++14";
				CLANG_CXX_LIBRARY = "libc++";
				CLANG_ENABLE_MODULES = YES;
				CLANG_ENABLE_OBJC_ARC = YES;
				CLANG_ENABLE_OBJC_WEAK = YES;
				CLANG_WARN_BLOCK_CAPTURE_AUTORELEASING = YES;
				CLANG_WARN_BOOL_CONVERSION = YES;
				CLANG_WARN_COMMA = YES;
				CLANG_WARN_CONSTANT_CONVERSION = YES;
				CLANG_WARN_DEPRECATED_OBJC_IMPLEMENTATIONS = YES;
				CLANG_WARN_DIRECT_OBJC_ISA_USAGE = YES_ERROR;
				CLANG_WARN_DOCUMENTATION_COMMENTS = YES;
				CLANG_WARN_EMPTY_BODY = YES;
				CLANG_WARN_ENUM_CONVERSION = YES;
				CLANG_WARN_INFINITE_RECURSION = YES;
				CLANG_WARN_INT_CONVERSION = YES;
				CLANG_WARN_NON_LITERAL_NULL_CONVERSION = YES;
				CLANG_WARN_OBJC_IMPLICIT_RETAIN_SELF = YES;
				CLANG_WARN_OBJC_LITERAL_CONVERSION = YES;
				CLANG_WARN_OBJC_ROOT_CLASS = YES_ERROR;
				CLANG_WARN_QUOTED_INCLUDE_IN_FRAMEWORK_HEADER = YES;
				CLANG_WARN_RANGE_LOOP_ANALYSIS = YES;
				CLANG_WARN_STRICT_PROTOTYPES = YES;
				CLANG_WARN_SUSPICIOUS_MOVE = YES;
				CLANG_WARN_UNGUARDED_AVAILABILITY = YES_AGGRESSIVE;
				CLANG_WARN_UNREACHABLE_CODE = YES;
				CLANG_WARN__DUPLICATE_METHOD_MATCH = YES;
				COPY_PHASE_STRIP = NO;
				CURRENT_PROJECT_VERSION = 1;
				DEBUG_INFORMATION_FORMAT = "dwarf-with-dsym";
				ENABLE_NS_ASSERTIONS = NO;
				ENABLE_STRICT_OBJC_MSGSEND = YES;
				GCC_C_LANGUAGE_STANDARD = gnu11;
				GCC_NO_COMMON_BLOCKS = YES;
				GCC_WARN_64_TO_32_BIT_CONVERSION = YES;
				GCC_WARN_ABOUT_RETURN_TYPE = YES_ERROR;
				GCC_WARN_UNDECLARED_SELECTOR = YES;
				GCC_WARN_UNINITIALIZED_AUTOS = YES_AGGRESSIVE;
				GCC_WARN_UNUSED_FUNCTION = YES;
				GCC_WARN_UNUSED_VARIABLE = YES;
				MACOSX_DEPLOYMENT_TARGET = 10.15;
				MTL_ENABLE_DEBUG_INFO = NO;
				MTL_FAST_MATH = YES;
				SDKROOT = macosx;
				SWIFT_COMPILATION_MODE = wholemodule;
				SWIFT_OPTIMIZATION_LEVEL = "-O";
				VERSIONING_SYSTEM = "apple-generic";
				VERSION_INFO_PREFIX = "";
			};
			name = Release;
		};
		FA50A94A252AD568005C33A2 /* Debug */ = {
			isa = XCBuildConfiguration;
			buildSettings = {
				CLANG_ENABLE_MODULES = YES;
				CODE_SIGN_STYLE = Automatic;
				COMBINE_HIDPI_IMAGES = YES;
				DEFINES_MODULE = YES;
				DEVELOPMENT_TEAM = 486CCPNU3B;
				DYLIB_COMPATIBILITY_VERSION = 1;
				DYLIB_CURRENT_VERSION = 1;
				DYLIB_INSTALL_NAME_BASE = "@rpath";
				INFOPLIST_FILE = EssentialFeed/Info.plist;
				INSTALL_PATH = "$(LOCAL_LIBRARY_DIR)/Frameworks";
				LD_RUNPATH_SEARCH_PATHS = (
					"$(inherited)",
					"@executable_path/../Frameworks",
					"@loader_path/Frameworks",
				);
				PRODUCT_BUNDLE_IDENTIFIER = me.vazquez.angel.EssentialFeed;
				PRODUCT_NAME = "$(TARGET_NAME:c99extidentifier)";
				SKIP_INSTALL = YES;
				SUPPORTED_PLATFORMS = "macosx iphoneos iphonesimulator";
				SWIFT_OPTIMIZATION_LEVEL = "-Onone";
				SWIFT_VERSION = 5.0;
			};
			name = Debug;
		};
		FA50A94B252AD568005C33A2 /* Release */ = {
			isa = XCBuildConfiguration;
			buildSettings = {
				CLANG_ENABLE_MODULES = YES;
				CODE_SIGN_STYLE = Automatic;
				COMBINE_HIDPI_IMAGES = YES;
				DEFINES_MODULE = YES;
				DEVELOPMENT_TEAM = 486CCPNU3B;
				DYLIB_COMPATIBILITY_VERSION = 1;
				DYLIB_CURRENT_VERSION = 1;
				DYLIB_INSTALL_NAME_BASE = "@rpath";
				INFOPLIST_FILE = EssentialFeed/Info.plist;
				INSTALL_PATH = "$(LOCAL_LIBRARY_DIR)/Frameworks";
				LD_RUNPATH_SEARCH_PATHS = (
					"$(inherited)",
					"@executable_path/../Frameworks",
					"@loader_path/Frameworks",
				);
				PRODUCT_BUNDLE_IDENTIFIER = me.vazquez.angel.EssentialFeed;
				PRODUCT_NAME = "$(TARGET_NAME:c99extidentifier)";
				SKIP_INSTALL = YES;
				SUPPORTED_PLATFORMS = "macosx iphoneos iphonesimulator";
				SWIFT_VERSION = 5.0;
			};
			name = Release;
		};
		FA50A94D252AD568005C33A2 /* Debug */ = {
			isa = XCBuildConfiguration;
			buildSettings = {
				ALWAYS_EMBED_SWIFT_STANDARD_LIBRARIES = YES;
				CLANG_ENABLE_MODULES = YES;
				CODE_SIGN_STYLE = Automatic;
				COMBINE_HIDPI_IMAGES = YES;
				DEVELOPMENT_TEAM = 486CCPNU3B;
				INFOPLIST_FILE = EssentialFeedTests/Info.plist;
				LD_RUNPATH_SEARCH_PATHS = (
					"$(inherited)",
					"@executable_path/../Frameworks",
					"@loader_path/../Frameworks",
				);
				PRODUCT_BUNDLE_IDENTIFIER = me.vazquez.angel.EssentialFeedTests;
				PRODUCT_NAME = "$(TARGET_NAME)";
				SUPPORTED_PLATFORMS = "macosx iphonesimulator iphoneos";
				SWIFT_OPTIMIZATION_LEVEL = "-Onone";
				SWIFT_VERSION = 5.0;
			};
			name = Debug;
		};
		FA50A94E252AD568005C33A2 /* Release */ = {
			isa = XCBuildConfiguration;
			buildSettings = {
				ALWAYS_EMBED_SWIFT_STANDARD_LIBRARIES = YES;
				CLANG_ENABLE_MODULES = YES;
				CODE_SIGN_STYLE = Automatic;
				COMBINE_HIDPI_IMAGES = YES;
				DEVELOPMENT_TEAM = 486CCPNU3B;
				INFOPLIST_FILE = EssentialFeedTests/Info.plist;
				LD_RUNPATH_SEARCH_PATHS = (
					"$(inherited)",
					"@executable_path/../Frameworks",
					"@loader_path/../Frameworks",
				);
				PRODUCT_BUNDLE_IDENTIFIER = me.vazquez.angel.EssentialFeedTests;
				PRODUCT_NAME = "$(TARGET_NAME)";
				SUPPORTED_PLATFORMS = "macosx iphonesimulator iphoneos";
				SWIFT_VERSION = 5.0;
			};
			name = Release;
		};
		FA5B0CE1253A6C0800075D95 /* Debug */ = {
			isa = XCBuildConfiguration;
			buildSettings = {
				CODE_SIGN_STYLE = Automatic;
				COMBINE_HIDPI_IMAGES = YES;
				DEVELOPMENT_TEAM = 486CCPNU3B;
				INFOPLIST_FILE = EssentialFeedAPIEndToEndTests/Info.plist;
				LD_RUNPATH_SEARCH_PATHS = (
					"$(inherited)",
					"@executable_path/../Frameworks",
					"@loader_path/../Frameworks",
				);
				PRODUCT_BUNDLE_IDENTIFIER = me.vazquez.angel.EssentialFeedAPIEndToEndTests;
				PRODUCT_NAME = "$(TARGET_NAME)";
				SUPPORTED_PLATFORMS = "macosx iphonesimulator iphoneos";
				SWIFT_VERSION = 5.0;
			};
			name = Debug;
		};
		FA5B0CE2253A6C0800075D95 /* Release */ = {
			isa = XCBuildConfiguration;
			buildSettings = {
				CODE_SIGN_STYLE = Automatic;
				COMBINE_HIDPI_IMAGES = YES;
				DEVELOPMENT_TEAM = 486CCPNU3B;
				INFOPLIST_FILE = EssentialFeedAPIEndToEndTests/Info.plist;
				LD_RUNPATH_SEARCH_PATHS = (
					"$(inherited)",
					"@executable_path/../Frameworks",
					"@loader_path/../Frameworks",
				);
				PRODUCT_BUNDLE_IDENTIFIER = me.vazquez.angel.EssentialFeedAPIEndToEndTests;
				PRODUCT_NAME = "$(TARGET_NAME)";
				SUPPORTED_PLATFORMS = "macosx iphonesimulator iphoneos";
				SWIFT_VERSION = 5.0;
			};
			name = Release;
		};
		FAC160B325630B1100B51517 /* Debug */ = {
			isa = XCBuildConfiguration;
			buildSettings = {
				CODE_SIGN_STYLE = Automatic;
				COMBINE_HIDPI_IMAGES = YES;
				DEVELOPMENT_TEAM = 486CCPNU3B;
				INFOPLIST_FILE = EssentialFeedCacheIntegrationTests/Info.plist;
				LD_RUNPATH_SEARCH_PATHS = (
					"$(inherited)",
					"@executable_path/../Frameworks",
					"@loader_path/../Frameworks",
				);
				PRODUCT_BUNDLE_IDENTIFIER = me.vazquez.angel.EssentialFeedCacheIntegrationTests;
				PRODUCT_NAME = "$(TARGET_NAME)";
				SUPPORTED_PLATFORMS = "macosx iphonesimulator iphoneos";
				SWIFT_VERSION = 5.0;
			};
			name = Debug;
		};
		FAC160B425630B1100B51517 /* Release */ = {
			isa = XCBuildConfiguration;
			buildSettings = {
				CODE_SIGN_STYLE = Automatic;
				COMBINE_HIDPI_IMAGES = YES;
				DEVELOPMENT_TEAM = 486CCPNU3B;
				INFOPLIST_FILE = EssentialFeedCacheIntegrationTests/Info.plist;
				LD_RUNPATH_SEARCH_PATHS = (
					"$(inherited)",
					"@executable_path/../Frameworks",
					"@loader_path/../Frameworks",
				);
				PRODUCT_BUNDLE_IDENTIFIER = me.vazquez.angel.EssentialFeedCacheIntegrationTests;
				PRODUCT_NAME = "$(TARGET_NAME)";
				SUPPORTED_PLATFORMS = "macosx iphonesimulator iphoneos";
				SWIFT_VERSION = 5.0;
			};
			name = Release;
		};
/* End XCBuildConfiguration section */

/* Begin XCConfigurationList section */
		FA29C81D2569E581009594FB /* Build configuration list for PBXNativeTarget "EssentialFeediOS" */ = {
			isa = XCConfigurationList;
			buildConfigurations = (
				FA29C81E2569E581009594FB /* Debug */,
				FA29C81F2569E581009594FB /* Release */,
			);
			defaultConfigurationIsVisible = 0;
			defaultConfigurationName = Release;
		};
		FA29C8202569E581009594FB /* Build configuration list for PBXNativeTarget "EssentialFeediOSTests" */ = {
			isa = XCConfigurationList;
			buildConfigurations = (
				FA29C8212569E581009594FB /* Debug */,
				FA29C8222569E581009594FB /* Release */,
			);
			defaultConfigurationIsVisible = 0;
			defaultConfigurationName = Release;
		};
		FA50A92F252AD568005C33A2 /* Build configuration list for PBXProject "EssentialFeed" */ = {
			isa = XCConfigurationList;
			buildConfigurations = (
				FA50A947252AD568005C33A2 /* Debug */,
				FA50A948252AD568005C33A2 /* Release */,
			);
			defaultConfigurationIsVisible = 0;
			defaultConfigurationName = Release;
		};
		FA50A949252AD568005C33A2 /* Build configuration list for PBXNativeTarget "EssentialFeed" */ = {
			isa = XCConfigurationList;
			buildConfigurations = (
				FA50A94A252AD568005C33A2 /* Debug */,
				FA50A94B252AD568005C33A2 /* Release */,
			);
			defaultConfigurationIsVisible = 0;
			defaultConfigurationName = Release;
		};
		FA50A94C252AD568005C33A2 /* Build configuration list for PBXNativeTarget "EssentialFeedTests" */ = {
			isa = XCConfigurationList;
			buildConfigurations = (
				FA50A94D252AD568005C33A2 /* Debug */,
				FA50A94E252AD568005C33A2 /* Release */,
			);
			defaultConfigurationIsVisible = 0;
			defaultConfigurationName = Release;
		};
		FA5B0CE3253A6C0800075D95 /* Build configuration list for PBXNativeTarget "EssentialFeedAPIEndToEndTests" */ = {
			isa = XCConfigurationList;
			buildConfigurations = (
				FA5B0CE1253A6C0800075D95 /* Debug */,
				FA5B0CE2253A6C0800075D95 /* Release */,
			);
			defaultConfigurationIsVisible = 0;
			defaultConfigurationName = Release;
		};
		FAC160B525630B1100B51517 /* Build configuration list for PBXNativeTarget "EssentialFeedCacheIntegrationTests" */ = {
			isa = XCConfigurationList;
			buildConfigurations = (
				FAC160B325630B1100B51517 /* Debug */,
				FAC160B425630B1100B51517 /* Release */,
			);
			defaultConfigurationIsVisible = 0;
			defaultConfigurationName = Release;
		};
/* End XCConfigurationList section */

/* Begin XCVersionGroup section */
		FA11F47D255F85A3004B288A /* FeedStore.xcdatamodeld */ = {
			isa = XCVersionGroup;
			children = (
				FA11F47E255F85A3004B288A /* FeedStore.xcdatamodel */,
			);
			currentVersion = FA11F47E255F85A3004B288A /* FeedStore.xcdatamodel */;
			path = FeedStore.xcdatamodeld;
			sourceTree = "<group>";
			versionGroupType = wrapper.xcdatamodel;
		};
/* End XCVersionGroup section */
	};
	rootObject = FA50A92C252AD568005C33A2 /* Project object */;
}
